// !$*UTF8*$!
{
	archiveVersion = 1;
	classes = {
	};
	objectVersion = 46;
	objects = {

/* Begin PBXBuildFile section */
		B466A2AE198C1409000FFC71 /* EDITYOURITEMSViewController.m in Sources */ = {isa = PBXBuildFile; fileRef = B466A2AD198C1409000FFC71 /* EDITYOURITEMSViewController.m */; };
		B4859E5619892BBA005F6794 /* Foundation.framework in Frameworks */ = {isa = PBXBuildFile; fileRef = B4859E5519892BBA005F6794 /* Foundation.framework */; };
		B4859E5819892BBA005F6794 /* CoreGraphics.framework in Frameworks */ = {isa = PBXBuildFile; fileRef = B4859E5719892BBA005F6794 /* CoreGraphics.framework */; };
		B4859E5A19892BBA005F6794 /* UIKit.framework in Frameworks */ = {isa = PBXBuildFile; fileRef = B4859E5919892BBA005F6794 /* UIKit.framework */; };
		B4859E6019892BBA005F6794 /* InfoPlist.strings in Resources */ = {isa = PBXBuildFile; fileRef = B4859E5E19892BBA005F6794 /* InfoPlist.strings */; };
		B4859E6219892BBA005F6794 /* main.m in Sources */ = {isa = PBXBuildFile; fileRef = B4859E6119892BBA005F6794 /* main.m */; };
		B4859E6619892BBA005F6794 /* STAAppDelegate.m in Sources */ = {isa = PBXBuildFile; fileRef = B4859E6519892BBA005F6794 /* STAAppDelegate.m */; };
		B4859E6819892BBA005F6794 /* Images.xcassets in Resources */ = {isa = PBXBuildFile; fileRef = B4859E6719892BBA005F6794 /* Images.xcassets */; };
		B4859E6F19892BBA005F6794 /* XCTest.framework in Frameworks */ = {isa = PBXBuildFile; fileRef = B4859E6E19892BBA005F6794 /* XCTest.framework */; };
		B4859E7019892BBA005F6794 /* Foundation.framework in Frameworks */ = {isa = PBXBuildFile; fileRef = B4859E5519892BBA005F6794 /* Foundation.framework */; };
		B4859E7119892BBA005F6794 /* UIKit.framework in Frameworks */ = {isa = PBXBuildFile; fileRef = B4859E5919892BBA005F6794 /* UIKit.framework */; };
		B4859E7919892BBA005F6794 /* InfoPlist.strings in Resources */ = {isa = PBXBuildFile; fileRef = B4859E7719892BBA005F6794 /* InfoPlist.strings */; };
		B4859E7B19892BBA005F6794 /* SimpleTasksTests.m in Sources */ = {isa = PBXBuildFile; fileRef = B4859E7A19892BBA005F6794 /* SimpleTasksTests.m */; };
		B4859E8719892BF6005F6794 /* STAItemsTableViewController.m in Sources */ = {isa = PBXBuildFile; fileRef = B4859E8619892BF6005F6794 /* STAItemsTableViewController.m */; };
		B4859E8A19892C09005F6794 /* STAGroupsTableViewController.m in Sources */ = {isa = PBXBuildFile; fileRef = B4859E8919892C09005F6794 /* STAGroupsTableViewController.m */; };
		B4859E8D19892C54005F6794 /* STAEditItemViewController.m in Sources */ = {isa = PBXBuildFile; fileRef = B4859E8C19892C54005F6794 /* STAEditItemViewController.m */; };
		B4CDD61D1989862800C60AF2 /* STAGroupViewController.m in Sources */ = {isa = PBXBuildFile; fileRef = B4CDD61C1989862800C60AF2 /* STAGroupViewController.m */; };
		B4CDD62319898B9700C60AF2 /* item_save.png in Resources */ = {isa = PBXBuildFile; fileRef = B4CDD61F19898B9700C60AF2 /* item_save.png */; };
		B4CDD62419898B9700C60AF2 /* item_close.png in Resources */ = {isa = PBXBuildFile; fileRef = B4CDD62019898B9700C60AF2 /* item_close.png */; };
		B4CDD62519898B9700C60AF2 /* group_save.png in Resources */ = {isa = PBXBuildFile; fileRef = B4CDD62119898B9700C60AF2 /* group_save.png */; };
		B4CDD62619898B9700C60AF2 /* group_close.png in Resources */ = {isa = PBXBuildFile; fileRef = B4CDD62219898B9700C60AF2 /* group_close.png */; };
/* End PBXBuildFile section */

/* Begin PBXContainerItemProxy section */
		B4859E7219892BBA005F6794 /* PBXContainerItemProxy */ = {
			isa = PBXContainerItemProxy;
			containerPortal = B4859E4A19892BBA005F6794 /* Project object */;
			proxyType = 1;
			remoteGlobalIDString = B4859E5119892BBA005F6794;
			remoteInfo = SimpleTasks;
		};
/* End PBXContainerItemProxy section */

/* Begin PBXFileReference section */
		B466A2AC198C1409000FFC71 /* EDITYOURITEMSViewController.h */ = {isa = PBXFileReference; fileEncoding = 4; lastKnownFileType = sourcecode.c.h; path = EDITYOURITEMSViewController.h; sourceTree = "<group>"; };
		B466A2AD198C1409000FFC71 /* EDITYOURITEMSViewController.m */ = {isa = PBXFileReference; fileEncoding = 4; lastKnownFileType = sourcecode.c.objc; path = EDITYOURITEMSViewController.m; sourceTree = "<group>"; };
		B4859E5219892BBA005F6794 /* SimpleTasks.app */ = {isa = PBXFileReference; explicitFileType = wrapper.application; includeInIndex = 0; path = SimpleTasks.app; sourceTree = BUILT_PRODUCTS_DIR; };
		B4859E5519892BBA005F6794 /* Foundation.framework */ = {isa = PBXFileReference; lastKnownFileType = wrapper.framework; name = Foundation.framework; path = System/Library/Frameworks/Foundation.framework; sourceTree = SDKROOT; };
		B4859E5719892BBA005F6794 /* CoreGraphics.framework */ = {isa = PBXFileReference; lastKnownFileType = wrapper.framework; name = CoreGraphics.framework; path = System/Library/Frameworks/CoreGraphics.framework; sourceTree = SDKROOT; };
		B4859E5919892BBA005F6794 /* UIKit.framework */ = {isa = PBXFileReference; lastKnownFileType = wrapper.framework; name = UIKit.framework; path = System/Library/Frameworks/UIKit.framework; sourceTree = SDKROOT; };
		B4859E5D19892BBA005F6794 /* SimpleTasks-Info.plist */ = {isa = PBXFileReference; lastKnownFileType = text.plist.xml; path = "SimpleTasks-Info.plist"; sourceTree = "<group>"; };
		B4859E5F19892BBA005F6794 /* en */ = {isa = PBXFileReference; lastKnownFileType = text.plist.strings; name = en; path = en.lproj/InfoPlist.strings; sourceTree = "<group>"; };
		B4859E6119892BBA005F6794 /* main.m */ = {isa = PBXFileReference; lastKnownFileType = sourcecode.c.objc; path = main.m; sourceTree = "<group>"; };
		B4859E6319892BBA005F6794 /* SimpleTasks-Prefix.pch */ = {isa = PBXFileReference; lastKnownFileType = sourcecode.c.h; path = "SimpleTasks-Prefix.pch"; sourceTree = "<group>"; };
		B4859E6419892BBA005F6794 /* STAAppDelegate.h */ = {isa = PBXFileReference; lastKnownFileType = sourcecode.c.h; path = STAAppDelegate.h; sourceTree = "<group>"; };
		B4859E6519892BBA005F6794 /* STAAppDelegate.m */ = {isa = PBXFileReference; lastKnownFileType = sourcecode.c.objc; path = STAAppDelegate.m; sourceTree = "<group>"; };
		B4859E6719892BBA005F6794 /* Images.xcassets */ = {isa = PBXFileReference; lastKnownFileType = folder.assetcatalog; path = Images.xcassets; sourceTree = "<group>"; };
		B4859E6D19892BBA005F6794 /* SimpleTasksTests.xctest */ = {isa = PBXFileReference; explicitFileType = wrapper.cfbundle; includeInIndex = 0; path = SimpleTasksTests.xctest; sourceTree = BUILT_PRODUCTS_DIR; };
		B4859E6E19892BBA005F6794 /* XCTest.framework */ = {isa = PBXFileReference; lastKnownFileType = wrapper.framework; name = XCTest.framework; path = Library/Frameworks/XCTest.framework; sourceTree = DEVELOPER_DIR; };
		B4859E7619892BBA005F6794 /* SimpleTasksTests-Info.plist */ = {isa = PBXFileReference; lastKnownFileType = text.plist.xml; path = "SimpleTasksTests-Info.plist"; sourceTree = "<group>"; };
		B4859E7819892BBA005F6794 /* en */ = {isa = PBXFileReference; lastKnownFileType = text.plist.strings; name = en; path = en.lproj/InfoPlist.strings; sourceTree = "<group>"; };
		B4859E7A19892BBA005F6794 /* SimpleTasksTests.m */ = {isa = PBXFileReference; lastKnownFileType = sourcecode.c.objc; path = SimpleTasksTests.m; sourceTree = "<group>"; };
		B4859E8519892BF6005F6794 /* STAItemsTableViewController.h */ = {isa = PBXFileReference; fileEncoding = 4; lastKnownFileType = sourcecode.c.h; path = STAItemsTableViewController.h; sourceTree = "<group>"; };
		B4859E8619892BF6005F6794 /* STAItemsTableViewController.m */ = {isa = PBXFileReference; fileEncoding = 4; lastKnownFileType = sourcecode.c.objc; path = STAItemsTableViewController.m; sourceTree = "<group>"; };
		B4859E8819892C09005F6794 /* STAGroupsTableViewController.h */ = {isa = PBXFileReference; fileEncoding = 4; lastKnownFileType = sourcecode.c.h; path = STAGroupsTableViewController.h; sourceTree = "<group>"; };
		B4859E8919892C09005F6794 /* STAGroupsTableViewController.m */ = {isa = PBXFileReference; fileEncoding = 4; lastKnownFileType = sourcecode.c.objc; path = STAGroupsTableViewController.m; sourceTree = "<group>"; };
		B4859E8B19892C54005F6794 /* STAEditItemViewController.h */ = {isa = PBXFileReference; fileEncoding = 4; lastKnownFileType = sourcecode.c.h; path = STAEditItemViewController.h; sourceTree = "<group>"; };
		B4859E8C19892C54005F6794 /* STAEditItemViewController.m */ = {isa = PBXFileReference; fileEncoding = 4; lastKnownFileType = sourcecode.c.objc; path = STAEditItemViewController.m; sourceTree = "<group>"; };
		B4CDD61B1989862800C60AF2 /* STAGroupViewController.h */ = {isa = PBXFileReference; fileEncoding = 4; lastKnownFileType = sourcecode.c.h; path = STAGroupViewController.h; sourceTree = "<group>"; };
		B4CDD61C1989862800C60AF2 /* STAGroupViewController.m */ = {isa = PBXFileReference; fileEncoding = 4; lastKnownFileType = sourcecode.c.objc; path = STAGroupViewController.m; sourceTree = "<group>"; };
		B4CDD61F19898B9700C60AF2 /* item_save.png */ = {isa = PBXFileReference; lastKnownFileType = image.png; name = item_save.png; path = ../../../Downloads/screenshots_files/files/item_save.png; sourceTree = "<group>"; };
		B4CDD62019898B9700C60AF2 /* item_close.png */ = {isa = PBXFileReference; lastKnownFileType = image.png; name = item_close.png; path = ../../../Downloads/screenshots_files/files/item_close.png; sourceTree = "<group>"; };
		B4CDD62119898B9700C60AF2 /* group_save.png */ = {isa = PBXFileReference; lastKnownFileType = image.png; name = group_save.png; path = ../../../Downloads/screenshots_files/files/group_save.png; sourceTree = "<group>"; };
		B4CDD62219898B9700C60AF2 /* group_close.png */ = {isa = PBXFileReference; lastKnownFileType = image.png; name = group_close.png; path = ../../../Downloads/screenshots_files/files/group_close.png; sourceTree = "<group>"; };
/* End PBXFileReference section */

/* Begin PBXFrameworksBuildPhase section */
		B4859E4F19892BBA005F6794 /* Frameworks */ = {
			isa = PBXFrameworksBuildPhase;
			buildActionMask = 2147483647;
			files = (
				B4859E5819892BBA005F6794 /* CoreGraphics.framework in Frameworks */,
				B4859E5A19892BBA005F6794 /* UIKit.framework in Frameworks */,
				B4859E5619892BBA005F6794 /* Foundation.framework in Frameworks */,
			);
			runOnlyForDeploymentPostprocessing = 0;
		};
		B4859E6A19892BBA005F6794 /* Frameworks */ = {
			isa = PBXFrameworksBuildPhase;
			buildActionMask = 2147483647;
			files = (
				B4859E6F19892BBA005F6794 /* XCTest.framework in Frameworks */,
				B4859E7119892BBA005F6794 /* UIKit.framework in Frameworks */,
				B4859E7019892BBA005F6794 /* Foundation.framework in Frameworks */,
			);
			runOnlyForDeploymentPostprocessing = 0;
		};
/* End PBXFrameworksBuildPhase section */

/* Begin PBXGroup section */
		B4859E4919892BBA005F6794 = {
			isa = PBXGroup;
			children = (
				B4CDD61E19898B8400C60AF2 /* Pics */,
				B4859E8419892BC4005F6794 /* Controllers */,
				B4859E5B19892BBA005F6794 /* SimpleTasks */,
				B4859E7419892BBA005F6794 /* SimpleTasksTests */,
				B4859E5419892BBA005F6794 /* Frameworks */,
				B4859E5319892BBA005F6794 /* Products */,
			);
			sourceTree = "<group>";
		};
		B4859E5319892BBA005F6794 /* Products */ = {
			isa = PBXGroup;
			children = (
				B4859E5219892BBA005F6794 /* SimpleTasks.app */,
				B4859E6D19892BBA005F6794 /* SimpleTasksTests.xctest */,
			);
			name = Products;
			sourceTree = "<group>";
		};
		B4859E5419892BBA005F6794 /* Frameworks */ = {
			isa = PBXGroup;
			children = (
				B4859E5519892BBA005F6794 /* Foundation.framework */,
				B4859E5719892BBA005F6794 /* CoreGraphics.framework */,
				B4859E5919892BBA005F6794 /* UIKit.framework */,
				B4859E6E19892BBA005F6794 /* XCTest.framework */,
			);
			name = Frameworks;
			sourceTree = "<group>";
		};
		B4859E5B19892BBA005F6794 /* SimpleTasks */ = {
			isa = PBXGroup;
			children = (
				B4859E6419892BBA005F6794 /* STAAppDelegate.h */,
				B4859E6519892BBA005F6794 /* STAAppDelegate.m */,
				B4859E6719892BBA005F6794 /* Images.xcassets */,
				B4859E5C19892BBA005F6794 /* Supporting Files */,
			);
			path = SimpleTasks;
			sourceTree = "<group>";
		};
		B4859E5C19892BBA005F6794 /* Supporting Files */ = {
			isa = PBXGroup;
			children = (
				B4859E5D19892BBA005F6794 /* SimpleTasks-Info.plist */,
				B4859E5E19892BBA005F6794 /* InfoPlist.strings */,
				B4859E6119892BBA005F6794 /* main.m */,
				B4859E6319892BBA005F6794 /* SimpleTasks-Prefix.pch */,
			);
			name = "Supporting Files";
			sourceTree = "<group>";
		};
		B4859E7419892BBA005F6794 /* SimpleTasksTests */ = {
			isa = PBXGroup;
			children = (
				B4859E7A19892BBA005F6794 /* SimpleTasksTests.m */,
				B4859E7519892BBA005F6794 /* Supporting Files */,
			);
			path = SimpleTasksTests;
			sourceTree = "<group>";
		};
		B4859E7519892BBA005F6794 /* Supporting Files */ = {
			isa = PBXGroup;
			children = (
				B4859E7619892BBA005F6794 /* SimpleTasksTests-Info.plist */,
				B4859E7719892BBA005F6794 /* InfoPlist.strings */,
			);
			name = "Supporting Files";
			sourceTree = "<group>";
		};
		B4859E8419892BC4005F6794 /* Controllers */ = {
			isa = PBXGroup;
			children = (
				B4859E8519892BF6005F6794 /* STAItemsTableViewController.h */,
				B4859E8619892BF6005F6794 /* STAItemsTableViewController.m */,
				B4859E8819892C09005F6794 /* STAGroupsTableViewController.h */,
				B4859E8919892C09005F6794 /* STAGroupsTableViewController.m */,
				B4859E8B19892C54005F6794 /* STAEditItemViewController.h */,
				B4859E8C19892C54005F6794 /* STAEditItemViewController.m */,
				B4CDD61B1989862800C60AF2 /* STAGroupViewController.h */,
				B4CDD61C1989862800C60AF2 /* STAGroupViewController.m */,
				B466A2AC198C1409000FFC71 /* EDITYOURITEMSViewController.h */,
				B466A2AD198C1409000FFC71 /* EDITYOURITEMSViewController.m */,
			);
			name = Controllers;
			sourceTree = "<group>";
		};
		B4CDD61E19898B8400C60AF2 /* Pics */ = {
			isa = PBXGroup;
			children = (
				B4CDD61F19898B9700C60AF2 /* item_save.png */,
				B4CDD62019898B9700C60AF2 /* item_close.png */,
				B4CDD62119898B9700C60AF2 /* group_save.png */,
				B4CDD62219898B9700C60AF2 /* group_close.png */,
			);
			name = Pics;
			sourceTree = "<group>";
		};
/* End PBXGroup section */

/* Begin PBXNativeTarget section */
		B4859E5119892BBA005F6794 /* SimpleTasks */ = {
			isa = PBXNativeTarget;
			buildConfigurationList = B4859E7E19892BBA005F6794 /* Build configuration list for PBXNativeTarget "SimpleTasks" */;
			buildPhases = (
				B4859E4E19892BBA005F6794 /* Sources */,
				B4859E4F19892BBA005F6794 /* Frameworks */,
				B4859E5019892BBA005F6794 /* Resources */,
			);
			buildRules = (
			);
			dependencies = (
			);
			name = SimpleTasks;
			productName = SimpleTasks;
			productReference = B4859E5219892BBA005F6794 /* SimpleTasks.app */;
			productType = "com.apple.product-type.application";
		};
		B4859E6C19892BBA005F6794 /* SimpleTasksTests */ = {
			isa = PBXNativeTarget;
			buildConfigurationList = B4859E8119892BBA005F6794 /* Build configuration list for PBXNativeTarget "SimpleTasksTests" */;
			buildPhases = (
				B4859E6919892BBA005F6794 /* Sources */,
				B4859E6A19892BBA005F6794 /* Frameworks */,
				B4859E6B19892BBA005F6794 /* Resources */,
			);
			buildRules = (
			);
			dependencies = (
				B4859E7319892BBA005F6794 /* PBXTargetDependency */,
			);
			name = SimpleTasksTests;
			productName = SimpleTasksTests;
			productReference = B4859E6D19892BBA005F6794 /* SimpleTasksTests.xctest */;
			productType = "com.apple.product-type.bundle.unit-test";
		};
/* End PBXNativeTarget section */

/* Begin PBXProject section */
		B4859E4A19892BBA005F6794 /* Project object */ = {
			isa = PBXProject;
			attributes = {
				CLASSPREFIX = STA;
				LastUpgradeCheck = 0510;
				ORGANIZATIONNAME = "Joshua Hendershot";
				TargetAttributes = {
					B4859E6C19892BBA005F6794 = {
						TestTargetID = B4859E5119892BBA005F6794;
					};
				};
			};
			buildConfigurationList = B4859E4D19892BBA005F6794 /* Build configuration list for PBXProject "SimpleTasks" */;
			compatibilityVersion = "Xcode 3.2";
			developmentRegion = English;
			hasScannedForEncodings = 0;
			knownRegions = (
				en,
			);
			mainGroup = B4859E4919892BBA005F6794;
			productRefGroup = B4859E5319892BBA005F6794 /* Products */;
			projectDirPath = "";
			projectRoot = "";
			targets = (
				B4859E5119892BBA005F6794 /* SimpleTasks */,
				B4859E6C19892BBA005F6794 /* SimpleTasksTests */,
			);
		};
/* End PBXProject section */

/* Begin PBXResourcesBuildPhase section */
		B4859E5019892BBA005F6794 /* Resources */ = {
			isa = PBXResourcesBuildPhase;
			buildActionMask = 2147483647;
			files = (
				B4CDD62319898B9700C60AF2 /* item_save.png in Resources */,
				B4CDD62519898B9700C60AF2 /* group_save.png in Resources */,
				B4CDD62619898B9700C60AF2 /* group_close.png in Resources */,
				B4CDD62419898B9700C60AF2 /* item_close.png in Resources */,
				B4859E6019892BBA005F6794 /* InfoPlist.strings in Resources */,
				B4859E6819892BBA005F6794 /* Images.xcassets in Resources */,
			);
			runOnlyForDeploymentPostprocessing = 0;
		};
		B4859E6B19892BBA005F6794 /* Resources */ = {
			isa = PBXResourcesBuildPhase;
			buildActionMask = 2147483647;
			files = (
				B4859E7919892BBA005F6794 /* InfoPlist.strings in Resources */,
			);
			runOnlyForDeploymentPostprocessing = 0;
		};
/* End PBXResourcesBuildPhase section */

/* Begin PBXSourcesBuildPhase section */
		B4859E4E19892BBA005F6794 /* Sources */ = {
			isa = PBXSourcesBuildPhase;
			buildActionMask = 2147483647;
			files = (
				B4859E8A19892C09005F6794 /* STAGroupsTableViewController.m in Sources */,
				B4CDD61D1989862800C60AF2 /* STAGroupViewController.m in Sources */,
				B4859E6219892BBA005F6794 /* main.m in Sources */,
				B4859E8719892BF6005F6794 /* STAItemsTableViewController.m in Sources */,
				B4859E6619892BBA005F6794 /* STAAppDelegate.m in Sources */,
				B466A2AE198C1409000FFC71 /* EDITYOURITEMSViewController.m in Sources */,
				B4859E8D19892C54005F6794 /* STAEditItemViewController.m in Sources */,
			);
			runOnlyForDeploymentPostprocessing = 0;
		};
		B4859E6919892BBA005F6794 /* Sources */ = {
			isa = PBXSourcesBuildPhase;
			buildActionMask = 2147483647;
			files = (
				B4859E7B19892BBA005F6794 /* SimpleTasksTests.m in Sources */,
			);
			runOnlyForDeploymentPostprocessing = 0;
		};
/* End PBXSourcesBuildPhase section */

/* Begin PBXTargetDependency section */
		B4859E7319892BBA005F6794 /* PBXTargetDependency */ = {
			isa = PBXTargetDependency;
			target = B4859E5119892BBA005F6794 /* SimpleTasks */;
			targetProxy = B4859E7219892BBA005F6794 /* PBXContainerItemProxy */;
		};
/* End PBXTargetDependency section */

/* Begin PBXVariantGroup section */
		B4859E5E19892BBA005F6794 /* InfoPlist.strings */ = {
			isa = PBXVariantGroup;
			children = (
				B4859E5F19892BBA005F6794 /* en */,
			);
			name = InfoPlist.strings;
			sourceTree = "<group>";
		};
		B4859E7719892BBA005F6794 /* InfoPlist.strings */ = {
			isa = PBXVariantGroup;
			children = (
				B4859E7819892BBA005F6794 /* en */,
			);
			name = InfoPlist.strings;
			sourceTree = "<group>";
		};
/* End PBXVariantGroup section */

/* Begin XCBuildConfiguration section */
		B4859E7C19892BBA005F6794 /* Debug */ = {
			isa = XCBuildConfiguration;
			buildSettings = {
				ALWAYS_SEARCH_USER_PATHS = NO;
				CLANG_CXX_LANGUAGE_STANDARD = "gnu++0x";
				CLANG_CXX_LIBRARY = "libc++";
				CLANG_ENABLE_MODULES = YES;
				CLANG_ENABLE_OBJC_ARC = YES;
				CLANG_WARN_BOOL_CONVERSION = YES;
				CLANG_WARN_CONSTANT_CONVERSION = YES;
				CLANG_WARN_DIRECT_OBJC_ISA_USAGE = YES_ERROR;
				CLANG_WARN_EMPTY_BODY = YES;
				CLANG_WARN_ENUM_CONVERSION = YES;
				CLANG_WARN_INT_CONVERSION = YES;
				CLANG_WARN_OBJC_ROOT_CLASS = YES_ERROR;
				CLANG_WARN__DUPLICATE_METHOD_MATCH = YES;
				"CODE_SIGN_IDENTITY[sdk=iphoneos*]" = "iPhone Developer";
				COPY_PHASE_STRIP = NO;
				GCC_C_LANGUAGE_STANDARD = gnu99;
				GCC_DYNAMIC_NO_PIC = NO;
				GCC_OPTIMIZATION_LEVEL = 0;
				GCC_PREPROCESSOR_DEFINITIONS = (
					"DEBUG=1",
					"$(inherited)",
				);
				GCC_SYMBOLS_PRIVATE_EXTERN = NO;
				GCC_WARN_64_TO_32_BIT_CONVERSION = YES;
				GCC_WARN_ABOUT_RETURN_TYPE = YES_ERROR;
				GCC_WARN_UNDECLARED_SELECTOR = YES;
				GCC_WARN_UNINITIALIZED_AUTOS = YES_AGGRESSIVE;
				GCC_WARN_UNUSED_FUNCTION = YES;
				GCC_WARN_UNUSED_VARIABLE = YES;
				IPHONEOS_DEPLOYMENT_TARGET = 7.1;
				ONLY_ACTIVE_ARCH = YES;
				SDKROOT = iphoneos;
			};
			name = Debug;
		};
		B4859E7D19892BBA005F6794 /* Release */ = {
			isa = XCBuildConfiguration;
			buildSettings = {
				ALWAYS_SEARCH_USER_PATHS = NO;
				CLANG_CXX_LANGUAGE_STANDARD = "gnu++0x";
				CLANG_CXX_LIBRARY = "libc++";
				CLANG_ENABLE_MODULES = YES;
				CLANG_ENABLE_OBJC_ARC = YES;
				CLANG_WARN_BOOL_CONVERSION = YES;
				CLANG_WARN_CONSTANT_CONVERSION = YES;
				CLANG_WARN_DIRECT_OBJC_ISA_USAGE = YES_ERROR;
				CLANG_WARN_EMPTY_BODY = YES;
				CLANG_WARN_ENUM_CONVERSION = YES;
				CLANG_WARN_INT_CONVERSION = YES;
				CLANG_WARN_OBJC_ROOT_CLASS = YES_ERROR;
				CLANG_WARN__DUPLICATE_METHOD_MATCH = YES;
				"CODE_SIGN_IDENTITY[sdk=iphoneos*]" = "iPhone Developer";
				COPY_PHASE_STRIP = YES;
				ENABLE_NS_ASSERTIONS = NO;
				GCC_C_LANGUAGE_STANDARD = gnu99;
				GCC_WARN_64_TO_32_BIT_CONVERSION = YES;
				GCC_WARN_ABOUT_RETURN_TYPE = YES_ERROR;
				GCC_WARN_UNDECLARED_SELECTOR = YES;
				GCC_WARN_UNINITIALIZED_AUTOS = YES_AGGRESSIVE;
				GCC_WARN_UNUSED_FUNCTION = YES;
				GCC_WARN_UNUSED_VARIABLE = YES;
				IPHONEOS_DEPLOYMENT_TARGET = 7.1;
				SDKROOT = iphoneos;
				VALIDATE_PRODUCT = YES;
			};
			name = Release;
		};
		B4859E7F19892BBA005F6794 /* Debug */ = {
			isa = XCBuildConfiguration;
			buildSettings = {
				ASSETCATALOG_COMPILER_APPICON_NAME = AppIcon;
				ASSETCATALOG_COMPILER_LAUNCHIMAGE_NAME = LaunchImage;
				GCC_PRECOMPILE_PREFIX_HEADER = YES;
				GCC_PREFIX_HEADER = "SimpleTasks/SimpleTasks-Prefix.pch";
				INFOPLIST_FILE = "SimpleTasks/SimpleTasks-Info.plist";
				PRODUCT_NAME = "$(TARGET_NAME)";
				WRAPPER_EXTENSION = app;
			};
			name = Debug;
		};
		B4859E8019892BBA005F6794 /* Release */ = {
			isa = XCBuildConfiguration;
			buildSettings = {
				ASSETCATALOG_COMPILER_APPICON_NAME = AppIcon;
				ASSETCATALOG_COMPILER_LAUNCHIMAGE_NAME = LaunchImage;
				GCC_PRECOMPILE_PREFIX_HEADER = YES;
				GCC_PREFIX_HEADER = "SimpleTasks/SimpleTasks-Prefix.pch";
				INFOPLIST_FILE = "SimpleTasks/SimpleTasks-Info.plist";
				PRODUCT_NAME = "$(TARGET_NAME)";
				WRAPPER_EXTENSION = app;
			};
			name = Release;
		};
		B4859E8219892BBA005F6794 /* Debug */ = {
			isa = XCBuildConfiguration;
			buildSettings = {
				BUNDLE_LOADER = "$(BUILT_PRODUCTS_DIR)/SimpleTasks.app/SimpleTasks";
				FRAMEWORK_SEARCH_PATHS = (
					"$(SDKROOT)/Developer/Library/Frameworks",
					"$(inherited)",
					"$(DEVELOPER_FRAMEWORKS_DIR)",
				);
				GCC_PRECOMPILE_PREFIX_HEADER = YES;
				GCC_PREFIX_HEADER = "SimpleTasks/SimpleTasks-Prefix.pch";
				GCC_PREPROCESSOR_DEFINITIONS = (
					"DEBUG=1",
					"$(inherited)",
				);
				INFOPLIST_FILE = "SimpleTasksTests/SimpleTasksTests-Info.plist";
				PRODUCT_NAME = "$(TARGET_NAME)";
				TEST_HOST = "$(BUNDLE_LOADER)";
				WRAPPER_EXTENSION = xctest;
			};
			name = Debug;
		};
		B4859E8319892BBA005F6794 /* Release */ = {
			isa = XCBuildConfiguration;
			buildSettings = {
				BUNDLE_LOADER = "$(BUILT_PRODUCTS_DIR)/SimpleTasks.app/SimpleTasks";
				FRAMEWORK_SEARCH_PATHS = (
					"$(SDKROOT)/Developer/Library/Frameworks",
					"$(inherited)",
					"$(DEVELOPER_FRAMEWORKS_DIR)",
				);
				GCC_PRECOMPILE_PREFIX_HEADER = YES;
				GCC_PREFIX_HEADER = "SimpleTasks/SimpleTasks-Prefix.pch";
				INFOPLIST_FILE = "SimpleTasksTests/SimpleTasksTests-Info.plist";
				PRODUCT_NAME = "$(TARGET_NAME)";
				TEST_HOST = "$(BUNDLE_LOADER)";
				WRAPPER_EXTENSION = xctest;
			};
			name = Release;
		};
/* End XCBuildConfiguration section */

/* Begin XCConfigurationList section */
		B4859E4D19892BBA005F6794 /* Build configuration list for PBXProject "SimpleTasks" */ = {
			isa = XCConfigurationList;
			buildConfigurations = (
				B4859E7C19892BBA005F6794 /* Debug */,
				B4859E7D19892BBA005F6794 /* Release */,
			);
			defaultConfigurationIsVisible = 0;
			defaultConfigurationName = Release;
		};
		B4859E7E19892BBA005F6794 /* Build configuration list for PBXNativeTarget "SimpleTasks" */ = {
			isa = XCConfigurationList;
			buildConfigurations = (
				B4859E7F19892BBA005F6794 /* Debug */,
				B4859E8019892BBA005F6794 /* Release */,
			);
			defaultConfigurationIsVisible = 0;
			defaultConfigurationName = Release;
		};
		B4859E8119892BBA005F6794 /* Build configuration list for PBXNativeTarget "SimpleTasksTests" */ = {
			isa = XCConfigurationList;
			buildConfigurations = (
				B4859E8219892BBA005F6794 /* Debug */,
				B4859E8319892BBA005F6794 /* Release */,
			);
			defaultConfigurationIsVisible = 0;
			defaultConfigurationName = Release;
		};
/* End XCConfigurationList section */
	};
	rootObject = B4859E4A19892BBA005F6794 /* Project object */;
}
