// !$*UTF8*$!
{
	archiveVersion = 1;
	classes = {
	};
	objectVersion = 46;
	objects = {

/* Begin PBXBuildFile section */
		B4B3348519D5AF0A00FC75E3 /* AppDelegate.swift in Sources */ = {isa = PBXBuildFile; fileRef = B4B3348419D5AF0A00FC75E3 /* AppDelegate.swift */; };
		B4B3348719D5AF0A00FC75E3 /* ViewController.swift in Sources */ = {isa = PBXBuildFile; fileRef = B4B3348619D5AF0A00FC75E3 /* ViewController.swift */; };
		B4B3348A19D5AF0A00FC75E3 /* Main.storyboard in Resources */ = {isa = PBXBuildFile; fileRef = B4B3348819D5AF0A00FC75E3 /* Main.storyboard */; };
		B4B3348C19D5AF0A00FC75E3 /* Images.xcassets in Resources */ = {isa = PBXBuildFile; fileRef = B4B3348B19D5AF0A00FC75E3 /* Images.xcassets */; };
		B4B3348F19D5AF0A00FC75E3 /* LaunchScreen.xib in Resources */ = {isa = PBXBuildFile; fileRef = B4B3348D19D5AF0A00FC75E3 /* LaunchScreen.xib */; };
		B4B3349B19D5AF0A00FC75E3 /* LiveIBViewsTests.swift in Sources */ = {isa = PBXBuildFile; fileRef = B4B3349A19D5AF0A00FC75E3 /* LiveIBViewsTests.swift */; };
/* End PBXBuildFile section */

/* Begin PBXContainerItemProxy section */
		B4B3349519D5AF0A00FC75E3 /* PBXContainerItemProxy */ = {
			isa = PBXContainerItemProxy;
			containerPortal = B4B3347719D5AF0A00FC75E3 /* Project object */;
			proxyType = 1;
			remoteGlobalIDString = B4B3347E19D5AF0A00FC75E3;
			remoteInfo = LiveIBViews;
		};
/* End PBXContainerItemProxy section */

/* Begin PBXFileReference section */
		B4B3347F19D5AF0A00FC75E3 /* LiveIBViews.app */ = {isa = PBXFileReference; explicitFileType = wrapper.application; includeInIndex = 0; path = LiveIBViews.app; sourceTree = BUILT_PRODUCTS_DIR; };
		B4B3348319D5AF0A00FC75E3 /* Info.plist */ = {isa = PBXFileReference; lastKnownFileType = text.plist.xml; path = Info.plist; sourceTree = "<group>"; };
		B4B3348419D5AF0A00FC75E3 /* AppDelegate.swift */ = {isa = PBXFileReference; lastKnownFileType = sourcecode.swift; path = AppDelegate.swift; sourceTree = "<group>"; };
		B4B3348619D5AF0A00FC75E3 /* ViewController.swift */ = {isa = PBXFileReference; lastKnownFileType = sourcecode.swift; path = ViewController.swift; sourceTree = "<group>"; };
		B4B3348919D5AF0A00FC75E3 /* Base */ = {isa = PBXFileReference; lastKnownFileType = file.storyboard; name = Base; path = Base.lproj/Main.storyboard; sourceTree = "<group>"; };
		B4B3348B19D5AF0A00FC75E3 /* Images.xcassets */ = {isa = PBXFileReference; lastKnownFileType = folder.assetcatalog; path = Images.xcassets; sourceTree = "<group>"; };
		B4B3348E19D5AF0A00FC75E3 /* Base */ = {isa = PBXFileReference; lastKnownFileType = file.xib; name = Base; path = Base.lproj/LaunchScreen.xib; sourceTree = "<group>"; };
		B4B3349419D5AF0A00FC75E3 /* LiveIBViewsTests.xctest */ = {isa = PBXFileReference; explicitFileType = wrapper.cfbundle; includeInIndex = 0; path = LiveIBViewsTests.xctest; sourceTree = BUILT_PRODUCTS_DIR; };
		B4B3349919D5AF0A00FC75E3 /* Info.plist */ = {isa = PBXFileReference; lastKnownFileType = text.plist.xml; path = Info.plist; sourceTree = "<group>"; };
		B4B3349A19D5AF0A00FC75E3 /* LiveIBViewsTests.swift */ = {isa = PBXFileReference; lastKnownFileType = sourcecode.swift; path = LiveIBViewsTests.swift; sourceTree = "<group>"; };
/* End PBXFileReference section */

/* Begin PBXFrameworksBuildPhase section */
		B4B3347C19D5AF0A00FC75E3 /* Frameworks */ = {
			isa = PBXFrameworksBuildPhase;
			buildActionMask = 2147483647;
			files = (
			);
			runOnlyForDeploymentPostprocessing = 0;
		};
		B4B3349119D5AF0A00FC75E3 /* Frameworks */ = {
			isa = PBXFrameworksBuildPhase;
			buildActionMask = 2147483647;
			files = (
			);
			runOnlyForDeploymentPostprocessing = 0;
		};
/* End PBXFrameworksBuildPhase section */

/* Begin PBXGroup section */
		B4B3347619D5AF0A00FC75E3 = {
			isa = PBXGroup;
			children = (
				B4B3348119D5AF0A00FC75E3 /* LiveIBViews */,
				B4B3349719D5AF0A00FC75E3 /* LiveIBViewsTests */,
				B4B3348019D5AF0A00FC75E3 /* Products */,
			);
			sourceTree = "<group>";
		};
		B4B3348019D5AF0A00FC75E3 /* Products */ = {
			isa = PBXGroup;
			children = (
				B4B3347F19D5AF0A00FC75E3 /* LiveIBViews.app */,
				B4B3349419D5AF0A00FC75E3 /* LiveIBViewsTests.xctest */,
			);
			name = Products;
			sourceTree = "<group>";
		};
		B4B3348119D5AF0A00FC75E3 /* LiveIBViews */ = {
			isa = PBXGroup;
			children = (
				B4B3348419D5AF0A00FC75E3 /* AppDelegate.swift */,
				B4B3348619D5AF0A00FC75E3 /* ViewController.swift */,
				B4B3348819D5AF0A00FC75E3 /* Main.storyboard */,
				B4B3348B19D5AF0A00FC75E3 /* Images.xcassets */,
				B4B3348D19D5AF0A00FC75E3 /* LaunchScreen.xib */,
				B4B3348219D5AF0A00FC75E3 /* Supporting Files */,
			);
			path = LiveIBViews;
			sourceTree = "<group>";
		};
		B4B3348219D5AF0A00FC75E3 /* Supporting Files */ = {
			isa = PBXGroup;
			children = (
				B4B3348319D5AF0A00FC75E3 /* Info.plist */,
			);
			name = "Supporting Files";
			sourceTree = "<group>";
		};
		B4B3349719D5AF0A00FC75E3 /* LiveIBViewsTests */ = {
			isa = PBXGroup;
			children = (
				B4B3349A19D5AF0A00FC75E3 /* LiveIBViewsTests.swift */,
				B4B3349819D5AF0A00FC75E3 /* Supporting Files */,
			);
			path = LiveIBViewsTests;
			sourceTree = "<group>";
		};
		B4B3349819D5AF0A00FC75E3 /* Supporting Files */ = {
			isa = PBXGroup;
			children = (
				B4B3349919D5AF0A00FC75E3 /* Info.plist */,
			);
			name = "Supporting Files";
			sourceTree = "<group>";
		};
/* End PBXGroup section */

/* Begin PBXNativeTarget section */
		B4B3347E19D5AF0A00FC75E3 /* LiveIBViews */ = {
			isa = PBXNativeTarget;
			buildConfigurationList = B4B3349E19D5AF0A00FC75E3 /* Build configuration list for PBXNativeTarget "LiveIBViews" */;
			buildPhases = (
				B4B3347B19D5AF0A00FC75E3 /* Sources */,
				B4B3347C19D5AF0A00FC75E3 /* Frameworks */,
				B4B3347D19D5AF0A00FC75E3 /* Resources */,
			);
			buildRules = (
			);
			dependencies = (
			);
			name = LiveIBViews;
			productName = LiveIBViews;
			productReference = B4B3347F19D5AF0A00FC75E3 /* LiveIBViews.app */;
			productType = "com.apple.product-type.application";
		};
		B4B3349319D5AF0A00FC75E3 /* LiveIBViewsTests */ = {
			isa = PBXNativeTarget;
			buildConfigurationList = B4B334A119D5AF0A00FC75E3 /* Build configuration list for PBXNativeTarget "LiveIBViewsTests" */;
			buildPhases = (
				B4B3349019D5AF0A00FC75E3 /* Sources */,
				B4B3349119D5AF0A00FC75E3 /* Frameworks */,
				B4B3349219D5AF0A00FC75E3 /* Resources */,
			);
			buildRules = (
			);
			dependencies = (
				B4B3349619D5AF0A00FC75E3 /* PBXTargetDependency */,
			);
			name = LiveIBViewsTests;
			productName = LiveIBViewsTests;
			productReference = B4B3349419D5AF0A00FC75E3 /* LiveIBViewsTests.xctest */;
			productType = "com.apple.product-type.bundle.unit-test";
		};
/* End PBXNativeTarget section */

/* Begin PBXProject section */
		B4B3347719D5AF0A00FC75E3 /* Project object */ = {
			isa = PBXProject;
			attributes = {
				LastUpgradeCheck = 0600;
				ORGANIZATIONNAME = "Joshua Hendershot";
				TargetAttributes = {
					B4B3347E19D5AF0A00FC75E3 = {
						CreatedOnToolsVersion = 6.0.1;
					};
					B4B3349319D5AF0A00FC75E3 = {
						CreatedOnToolsVersion = 6.0.1;
						TestTargetID = B4B3347E19D5AF0A00FC75E3;
					};
				};
			};
			buildConfigurationList = B4B3347A19D5AF0A00FC75E3 /* Build configuration list for PBXProject "LiveIBViews" */;
			compatibilityVersion = "Xcode 3.2";
			developmentRegion = English;
			hasScannedForEncodings = 0;
			knownRegions = (
				en,
				Base,
			);
			mainGroup = B4B3347619D5AF0A00FC75E3;
			productRefGroup = B4B3348019D5AF0A00FC75E3 /* Products */;
			projectDirPath = "";
			projectRoot = "";
			targets = (
				B4B3347E19D5AF0A00FC75E3 /* LiveIBViews */,
				B4B3349319D5AF0A00FC75E3 /* LiveIBViewsTests */,
			);
		};
/* End PBXProject section */

/* Begin PBXResourcesBuildPhase section */
		B4B3347D19D5AF0A00FC75E3 /* Resources */ = {
			isa = PBXResourcesBuildPhase;
			buildActionMask = 2147483647;
			files = (
				B4B3348A19D5AF0A00FC75E3 /* Main.storyboard in Resources */,
				B4B3348F19D5AF0A00FC75E3 /* LaunchScreen.xib in Resources */,
				B4B3348C19D5AF0A00FC75E3 /* Images.xcassets in Resources */,
			);
			runOnlyForDeploymentPostprocessing = 0;
		};
		B4B3349219D5AF0A00FC75E3 /* Resources */ = {
			isa = PBXResourcesBuildPhase;
			buildActionMask = 2147483647;
			files = (
			);
			runOnlyForDeploymentPostprocessing = 0;
		};
/* End PBXResourcesBuildPhase section */

/* Begin PBXSourcesBuildPhase section */
		B4B3347B19D5AF0A00FC75E3 /* Sources */ = {
			isa = PBXSourcesBuildPhase;
			buildActionMask = 2147483647;
			files = (
				B4B3348719D5AF0A00FC75E3 /* ViewController.swift in Sources */,
				B4B3348519D5AF0A00FC75E3 /* AppDelegate.swift in Sources */,
			);
			runOnlyForDeploymentPostprocessing = 0;
		};
		B4B3349019D5AF0A00FC75E3 /* Sources */ = {
			isa = PBXSourcesBuildPhase;
			buildActionMask = 2147483647;
			files = (
				B4B3349B19D5AF0A00FC75E3 /* LiveIBViewsTests.swift in Sources */,
			);
			runOnlyForDeploymentPostprocessing = 0;
		};
/* End PBXSourcesBuildPhase section */

/* Begin PBXTargetDependency section */
		B4B3349619D5AF0A00FC75E3 /* PBXTargetDependency */ = {
			isa = PBXTargetDependency;
			target = B4B3347E19D5AF0A00FC75E3 /* LiveIBViews */;
			targetProxy = B4B3349519D5AF0A00FC75E3 /* PBXContainerItemProxy */;
		};
/* End PBXTargetDependency section */

/* Begin PBXVariantGroup section */
		B4B3348819D5AF0A00FC75E3 /* Main.storyboard */ = {
			isa = PBXVariantGroup;
			children = (
				B4B3348919D5AF0A00FC75E3 /* Base */,
			);
			name = Main.storyboard;
			sourceTree = "<group>";
		};
		B4B3348D19D5AF0A00FC75E3 /* LaunchScreen.xib */ = {
			isa = PBXVariantGroup;
			children = (
				B4B3348E19D5AF0A00FC75E3 /* Base */,
			);
			name = LaunchScreen.xib;
			sourceTree = "<group>";
		};
/* End PBXVariantGroup section */

/* Begin XCBuildConfiguration section */
		B4B3349C19D5AF0A00FC75E3 /* Debug */ = {
			isa = XCBuildConfiguration;
			buildSettings = {
				ALWAYS_SEARCH_USER_PATHS = NO;
				CLANG_CXX_LANGUAGE_STANDARD = "gnu++0x";
				CLANG_CXX_LIBRARY = "libc++";
				CLANG_ENABLE_MODULES = YES;
				CLANG_ENABLE_OBJC_ARC = YES;
				CLANG_WARN_BOOL_CONVERSION = YES;
				CLANG_WARN_CONSTANT_CONVERSION = YES;
				CLANG_WARN_DIRECT_OBJC_ISA_USAGE = YES_ERROR;
				CLANG_WARN_EMPTY_BODY = YES;
				CLANG_WARN_ENUM_CONVERSION = YES;
				CLANG_WARN_INT_CONVERSION = YES;
				CLANG_WARN_OBJC_ROOT_CLASS = YES_ERROR;
				CLANG_WARN_UNREACHABLE_CODE = YES;
				CLANG_WARN__DUPLICATE_METHOD_MATCH = YES;
				"CODE_SIGN_IDENTITY[sdk=iphoneos*]" = "iPhone Developer";
				COPY_PHASE_STRIP = NO;
				ENABLE_STRICT_OBJC_MSGSEND = YES;
				GCC_C_LANGUAGE_STANDARD = gnu99;
				GCC_DYNAMIC_NO_PIC = NO;
				GCC_OPTIMIZATION_LEVEL = 0;
				GCC_PREPROCESSOR_DEFINITIONS = (
					"DEBUG=1",
					"$(inherited)",
				);
				GCC_SYMBOLS_PRIVATE_EXTERN = NO;
				GCC_WARN_64_TO_32_BIT_CONVERSION = YES;
				GCC_WARN_ABOUT_RETURN_TYPE = YES_ERROR;
				GCC_WARN_UNDECLARED_SELECTOR = YES;
				GCC_WARN_UNINITIALIZED_AUTOS = YES_AGGRESSIVE;
				GCC_WARN_UNUSED_FUNCTION = YES;
				GCC_WARN_UNUSED_VARIABLE = YES;
				IPHONEOS_DEPLOYMENT_TARGET = 8.0;
				MTL_ENABLE_DEBUG_INFO = YES;
				ONLY_ACTIVE_ARCH = YES;
				SDKROOT = iphoneos;
				SWIFT_OPTIMIZATION_LEVEL = "-Onone";
				TARGETED_DEVICE_FAMILY = "1,2";
			};
			name = Debug;
		};
		B4B3349D19D5AF0A00FC75E3 /* Release */ = {
			isa = XCBuildConfiguration;
			buildSettings = {
				ALWAYS_SEARCH_USER_PATHS = NO;
				CLANG_CXX_LANGUAGE_STANDARD = "gnu++0x";
				CLANG_CXX_LIBRARY = "libc++";
				CLANG_ENABLE_MODULES = YES;
				CLANG_ENABLE_OBJC_ARC = YES;
				CLANG_WARN_BOOL_CONVERSION = YES;
				CLANG_WARN_CONSTANT_CONVERSION = YES;
				CLANG_WARN_DIRECT_OBJC_ISA_USAGE = YES_ERROR;
				CLANG_WARN_EMPTY_BODY = YES;
				CLANG_WARN_ENUM_CONVERSION = YES;
				CLANG_WARN_INT_CONVERSION = YES;
				CLANG_WARN_OBJC_ROOT_CLASS = YES_ERROR;
				CLANG_WARN_UNREACHABLE_CODE = YES;
				CLANG_WARN__DUPLICATE_METHOD_MATCH = YES;
				"CODE_SIGN_IDENTITY[sdk=iphoneos*]" = "iPhone Developer";
				COPY_PHASE_STRIP = YES;
				ENABLE_NS_ASSERTIONS = NO;
				ENABLE_STRICT_OBJC_MSGSEND = YES;
				GCC_C_LANGUAGE_STANDARD = gnu99;
				GCC_WARN_64_TO_32_BIT_CONVERSION = YES;
				GCC_WARN_ABOUT_RETURN_TYPE = YES_ERROR;
				GCC_WARN_UNDECLARED_SELECTOR = YES;
				GCC_WARN_UNINITIALIZED_AUTOS = YES_AGGRESSIVE;
				GCC_WARN_UNUSED_FUNCTION = YES;
				GCC_WARN_UNUSED_VARIABLE = YES;
				IPHONEOS_DEPLOYMENT_TARGET = 8.0;
				MTL_ENABLE_DEBUG_INFO = NO;
				SDKROOT = iphoneos;
				TARGETED_DEVICE_FAMILY = "1,2";
				VALIDATE_PRODUCT = YES;
			};
			name = Release;
		};
		B4B3349F19D5AF0A00FC75E3 /* Debug */ = {
			isa = XCBuildConfiguration;
			buildSettings = {
				ASSETCATALOG_COMPILER_APPICON_NAME = AppIcon;
				INFOPLIST_FILE = LiveIBViews/Info.plist;
				LD_RUNPATH_SEARCH_PATHS = "$(inherited) @executable_path/Frameworks";
				PRODUCT_NAME = "$(TARGET_NAME)";
			};
			name = Debug;
		};
		B4B334A019D5AF0A00FC75E3 /* Release */ = {
			isa = XCBuildConfiguration;
			buildSettings = {
				ASSETCATALOG_COMPILER_APPICON_NAME = AppIcon;
				INFOPLIST_FILE = LiveIBViews/Info.plist;
				LD_RUNPATH_SEARCH_PATHS = "$(inherited) @executable_path/Frameworks";
				PRODUCT_NAME = "$(TARGET_NAME)";
			};
			name = Release;
		};
		B4B334A219D5AF0A00FC75E3 /* Debug */ = {
			isa = XCBuildConfiguration;
			buildSettings = {
				BUNDLE_LOADER = "$(TEST_HOST)";
				FRAMEWORK_SEARCH_PATHS = (
					"$(SDKROOT)/Developer/Library/Frameworks",
					"$(inherited)",
				);
				GCC_PREPROCESSOR_DEFINITIONS = (
					"DEBUG=1",
					"$(inherited)",
				);
				INFOPLIST_FILE = LiveIBViewsTests/Info.plist;
				LD_RUNPATH_SEARCH_PATHS = "$(inherited) @executable_path/Frameworks @loader_path/Frameworks";
				PRODUCT_NAME = "$(TARGET_NAME)";
				TEST_HOST = "$(BUILT_PRODUCTS_DIR)/LiveIBViews.app/LiveIBViews";
			};
			name = Debug;
		};
		B4B334A319D5AF0A00FC75E3 /* Release */ = {
			isa = XCBuildConfiguration;
			buildSettings = {
				BUNDLE_LOADER = "$(TEST_HOST)";
				FRAMEWORK_SEARCH_PATHS = (
					"$(SDKROOT)/Developer/Library/Frameworks",
					"$(inherited)",
				);
				INFOPLIST_FILE = LiveIBViewsTests/Info.plist;
				LD_RUNPATH_SEARCH_PATHS = "$(inherited) @executable_path/Frameworks @loader_path/Frameworks";
				PRODUCT_NAME = "$(TARGET_NAME)";
				TEST_HOST = "$(BUILT_PRODUCTS_DIR)/LiveIBViews.app/LiveIBViews";
			};
			name = Release;
		};
/* End XCBuildConfiguration section */

/* Begin XCConfigurationList section */
		B4B3347A19D5AF0A00FC75E3 /* Build configuration list for PBXProject "LiveIBViews" */ = {
			isa = XCConfigurationList;
			buildConfigurations = (
				B4B3349C19D5AF0A00FC75E3 /* Debug */,
				B4B3349D19D5AF0A00FC75E3 /* Release */,
			);
			defaultConfigurationIsVisible = 0;
			defaultConfigurationName = Release;
		};
		B4B3349E19D5AF0A00FC75E3 /* Build configuration list for PBXNativeTarget "LiveIBViews" */ = {
			isa = XCConfigurationList;
			buildConfigurations = (
				B4B3349F19D5AF0A00FC75E3 /* Debug */,
				B4B334A019D5AF0A00FC75E3 /* Release */,
			);
			defaultConfigurationIsVisible = 0;
		};
		B4B334A119D5AF0A00FC75E3 /* Build configuration list for PBXNativeTarget "LiveIBViewsTests" */ = {
			isa = XCConfigurationList;
			buildConfigurations = (
				B4B334A219D5AF0A00FC75E3 /* Debug */,
				B4B334A319D5AF0A00FC75E3 /* Release */,
			);
			defaultConfigurationIsVisible = 0;
		};
/* End XCConfigurationList section */
	};
	rootObject = B4B3347719D5AF0A00FC75E3 /* Project object */;
}
