// !$*UTF8*$!
{
	archiveVersion = 1;
	classes = {
	};
	objectVersion = 46;
	objects = {

/* Begin PBXBuildFile section */
		B41CBDEF19A783FD004FC503 /* AppDelegate.swift in Sources */ = {isa = PBXBuildFile; fileRef = B41CBDEE19A783FD004FC503 /* AppDelegate.swift */; };
		B41CBDF119A783FD004FC503 /* ViewController.swift in Sources */ = {isa = PBXBuildFile; fileRef = B41CBDF019A783FD004FC503 /* ViewController.swift */; };
		B41CBDF419A783FD004FC503 /* Main.storyboard in Resources */ = {isa = PBXBuildFile; fileRef = B41CBDF219A783FD004FC503 /* Main.storyboard */; };
		B41CBDF619A783FD004FC503 /* Images.xcassets in Resources */ = {isa = PBXBuildFile; fileRef = B41CBDF519A783FD004FC503 /* Images.xcassets */; };
		B41CBE0219A783FD004FC503 /* The_List__Swift_Tests.swift in Sources */ = {isa = PBXBuildFile; fileRef = B41CBE0119A783FD004FC503 /* The_List__Swift_Tests.swift */; };
		B41CBE0D19A790B7004FC503 /* naughty@2x.png in Resources */ = {isa = PBXBuildFile; fileRef = B41CBE0B19A790B7004FC503 /* naughty@2x.png */; };
		B41CBE0E19A790B7004FC503 /* nice@2x.png in Resources */ = {isa = PBXBuildFile; fileRef = B41CBE0C19A790B7004FC503 /* nice@2x.png */; };
/* End PBXBuildFile section */

/* Begin PBXContainerItemProxy section */
		B41CBDFC19A783FD004FC503 /* PBXContainerItemProxy */ = {
			isa = PBXContainerItemProxy;
			containerPortal = B41CBDE119A783FD004FC503 /* Project object */;
			proxyType = 1;
			remoteGlobalIDString = B41CBDE819A783FD004FC503;
			remoteInfo = "The List (Swift)";
		};
/* End PBXContainerItemProxy section */

/* Begin PBXFileReference section */
		B41CBDE919A783FD004FC503 /* The List (Swift).app */ = {isa = PBXFileReference; explicitFileType = wrapper.application; includeInIndex = 0; path = "The List (Swift).app"; sourceTree = BUILT_PRODUCTS_DIR; };
		B41CBDED19A783FD004FC503 /* Info.plist */ = {isa = PBXFileReference; lastKnownFileType = text.plist.xml; path = Info.plist; sourceTree = "<group>"; };
		B41CBDEE19A783FD004FC503 /* AppDelegate.swift */ = {isa = PBXFileReference; lastKnownFileType = sourcecode.swift; path = AppDelegate.swift; sourceTree = "<group>"; };
		B41CBDF019A783FD004FC503 /* ViewController.swift */ = {isa = PBXFileReference; lastKnownFileType = sourcecode.swift; path = ViewController.swift; sourceTree = "<group>"; };
		B41CBDF319A783FD004FC503 /* Base */ = {isa = PBXFileReference; lastKnownFileType = file.storyboard; name = Base; path = Base.lproj/Main.storyboard; sourceTree = "<group>"; };
		B41CBDF519A783FD004FC503 /* Images.xcassets */ = {isa = PBXFileReference; lastKnownFileType = folder.assetcatalog; path = Images.xcassets; sourceTree = "<group>"; };
		B41CBDFB19A783FD004FC503 /* The List (Swift)Tests.xctest */ = {isa = PBXFileReference; explicitFileType = wrapper.cfbundle; includeInIndex = 0; path = "The List (Swift)Tests.xctest"; sourceTree = BUILT_PRODUCTS_DIR; };
		B41CBE0019A783FD004FC503 /* Info.plist */ = {isa = PBXFileReference; lastKnownFileType = text.plist.xml; path = Info.plist; sourceTree = "<group>"; };
		B41CBE0119A783FD004FC503 /* The_List__Swift_Tests.swift */ = {isa = PBXFileReference; lastKnownFileType = sourcecode.swift; path = The_List__Swift_Tests.swift; sourceTree = "<group>"; };
		B41CBE0B19A790B7004FC503 /* naughty@2x.png */ = {isa = PBXFileReference; lastKnownFileType = image.png; path = "naughty@2x.png"; sourceTree = "<group>"; };
		B41CBE0C19A790B7004FC503 /* nice@2x.png */ = {isa = PBXFileReference; lastKnownFileType = image.png; path = "nice@2x.png"; sourceTree = "<group>"; };
/* End PBXFileReference section */

/* Begin PBXFrameworksBuildPhase section */
		B41CBDE619A783FD004FC503 /* Frameworks */ = {
			isa = PBXFrameworksBuildPhase;
			buildActionMask = 2147483647;
			files = (
			);
			runOnlyForDeploymentPostprocessing = 0;
		};
		B41CBDF819A783FD004FC503 /* Frameworks */ = {
			isa = PBXFrameworksBuildPhase;
			buildActionMask = 2147483647;
			files = (
			);
			runOnlyForDeploymentPostprocessing = 0;
		};
/* End PBXFrameworksBuildPhase section */

/* Begin PBXGroup section */
		B41CBDE019A783FD004FC503 = {
			isa = PBXGroup;
			children = (
				B41CBDEB19A783FD004FC503 /* The List (Swift) */,
				B41CBDFE19A783FD004FC503 /* The List (Swift)Tests */,
				B41CBDEA19A783FD004FC503 /* Products */,
			);
			sourceTree = "<group>";
		};
		B41CBDEA19A783FD004FC503 /* Products */ = {
			isa = PBXGroup;
			children = (
				B41CBDE919A783FD004FC503 /* The List (Swift).app */,
				B41CBDFB19A783FD004FC503 /* The List (Swift)Tests.xctest */,
			);
			name = Products;
			sourceTree = "<group>";
		};
		B41CBDEB19A783FD004FC503 /* The List (Swift) */ = {
			isa = PBXGroup;
			children = (
				B41CBDEE19A783FD004FC503 /* AppDelegate.swift */,
				B41CBDF019A783FD004FC503 /* ViewController.swift */,
				B41CBDF219A783FD004FC503 /* Main.storyboard */,
				B41CBDF519A783FD004FC503 /* Images.xcassets */,
				B41CBDEC19A783FD004FC503 /* Supporting Files */,
			);
			path = "The List (Swift)";
			sourceTree = "<group>";
		};
		B41CBDEC19A783FD004FC503 /* Supporting Files */ = {
			isa = PBXGroup;
			children = (
				B41CBE0B19A790B7004FC503 /* naughty@2x.png */,
				B41CBE0C19A790B7004FC503 /* nice@2x.png */,
				B41CBDED19A783FD004FC503 /* Info.plist */,
			);
			name = "Supporting Files";
			sourceTree = "<group>";
		};
		B41CBDFE19A783FD004FC503 /* The List (Swift)Tests */ = {
			isa = PBXGroup;
			children = (
				B41CBE0119A783FD004FC503 /* The_List__Swift_Tests.swift */,
				B41CBDFF19A783FD004FC503 /* Supporting Files */,
			);
			path = "The List (Swift)Tests";
			sourceTree = "<group>";
		};
		B41CBDFF19A783FD004FC503 /* Supporting Files */ = {
			isa = PBXGroup;
			children = (
				B41CBE0019A783FD004FC503 /* Info.plist */,
			);
			name = "Supporting Files";
			sourceTree = "<group>";
		};
/* End PBXGroup section */

/* Begin PBXNativeTarget section */
		B41CBDE819A783FD004FC503 /* The List (Swift) */ = {
			isa = PBXNativeTarget;
			buildConfigurationList = B41CBE0519A783FD004FC503 /* Build configuration list for PBXNativeTarget "The List (Swift)" */;
			buildPhases = (
				B41CBDE519A783FD004FC503 /* Sources */,
				B41CBDE619A783FD004FC503 /* Frameworks */,
				B41CBDE719A783FD004FC503 /* Resources */,
			);
			buildRules = (
			);
			dependencies = (
			);
			name = "The List (Swift)";
			productName = "The List (Swift)";
			productReference = B41CBDE919A783FD004FC503 /* The List (Swift).app */;
			productType = "com.apple.product-type.application";
		};
		B41CBDFA19A783FD004FC503 /* The List (Swift)Tests */ = {
			isa = PBXNativeTarget;
			buildConfigurationList = B41CBE0819A783FD004FC503 /* Build configuration list for PBXNativeTarget "The List (Swift)Tests" */;
			buildPhases = (
				B41CBDF719A783FD004FC503 /* Sources */,
				B41CBDF819A783FD004FC503 /* Frameworks */,
				B41CBDF919A783FD004FC503 /* Resources */,
			);
			buildRules = (
			);
			dependencies = (
				B41CBDFD19A783FD004FC503 /* PBXTargetDependency */,
			);
			name = "The List (Swift)Tests";
			productName = "The List (Swift)Tests";
			productReference = B41CBDFB19A783FD004FC503 /* The List (Swift)Tests.xctest */;
			productType = "com.apple.product-type.bundle.unit-test";
		};
/* End PBXNativeTarget section */

/* Begin PBXProject section */
		B41CBDE119A783FD004FC503 /* Project object */ = {
			isa = PBXProject;
			attributes = {
				LastUpgradeCheck = 0600;
				ORGANIZATIONNAME = "Joshua Hendershot";
				TargetAttributes = {
					B41CBDE819A783FD004FC503 = {
						CreatedOnToolsVersion = 6.0;
					};
					B41CBDFA19A783FD004FC503 = {
						CreatedOnToolsVersion = 6.0;
						TestTargetID = B41CBDE819A783FD004FC503;
					};
				};
			};
			buildConfigurationList = B41CBDE419A783FD004FC503 /* Build configuration list for PBXProject "The List (Swift)" */;
			compatibilityVersion = "Xcode 3.2";
			developmentRegion = English;
			hasScannedForEncodings = 0;
			knownRegions = (
				en,
				Base,
			);
			mainGroup = B41CBDE019A783FD004FC503;
			productRefGroup = B41CBDEA19A783FD004FC503 /* Products */;
			projectDirPath = "";
			projectRoot = "";
			targets = (
				B41CBDE819A783FD004FC503 /* The List (Swift) */,
				B41CBDFA19A783FD004FC503 /* The List (Swift)Tests */,
			);
		};
/* End PBXProject section */

/* Begin PBXResourcesBuildPhase section */
		B41CBDE719A783FD004FC503 /* Resources */ = {
			isa = PBXResourcesBuildPhase;
			buildActionMask = 2147483647;
			files = (
				B41CBE0D19A790B7004FC503 /* naughty@2x.png in Resources */,
				B41CBDF419A783FD004FC503 /* Main.storyboard in Resources */,
				B41CBE0E19A790B7004FC503 /* nice@2x.png in Resources */,
				B41CBDF619A783FD004FC503 /* Images.xcassets in Resources */,
			);
			runOnlyForDeploymentPostprocessing = 0;
		};
		B41CBDF919A783FD004FC503 /* Resources */ = {
			isa = PBXResourcesBuildPhase;
			buildActionMask = 2147483647;
			files = (
			);
			runOnlyForDeploymentPostprocessing = 0;
		};
/* End PBXResourcesBuildPhase section */

/* Begin PBXSourcesBuildPhase section */
		B41CBDE519A783FD004FC503 /* Sources */ = {
			isa = PBXSourcesBuildPhase;
			buildActionMask = 2147483647;
			files = (
				B41CBDF119A783FD004FC503 /* ViewController.swift in Sources */,
				B41CBDEF19A783FD004FC503 /* AppDelegate.swift in Sources */,
			);
			runOnlyForDeploymentPostprocessing = 0;
		};
		B41CBDF719A783FD004FC503 /* Sources */ = {
			isa = PBXSourcesBuildPhase;
			buildActionMask = 2147483647;
			files = (
				B41CBE0219A783FD004FC503 /* The_List__Swift_Tests.swift in Sources */,
			);
			runOnlyForDeploymentPostprocessing = 0;
		};
/* End PBXSourcesBuildPhase section */

/* Begin PBXTargetDependency section */
		B41CBDFD19A783FD004FC503 /* PBXTargetDependency */ = {
			isa = PBXTargetDependency;
			target = B41CBDE819A783FD004FC503 /* The List (Swift) */;
			targetProxy = B41CBDFC19A783FD004FC503 /* PBXContainerItemProxy */;
		};
/* End PBXTargetDependency section */

/* Begin PBXVariantGroup section */
		B41CBDF219A783FD004FC503 /* Main.storyboard */ = {
			isa = PBXVariantGroup;
			children = (
				B41CBDF319A783FD004FC503 /* Base */,
			);
			name = Main.storyboard;
			sourceTree = "<group>";
		};
/* End PBXVariantGroup section */

/* Begin XCBuildConfiguration section */
		B41CBE0319A783FD004FC503 /* Debug */ = {
			isa = XCBuildConfiguration;
			buildSettings = {
				ALWAYS_SEARCH_USER_PATHS = NO;
				CLANG_CXX_LANGUAGE_STANDARD = "gnu++0x";
				CLANG_CXX_LIBRARY = "libc++";
				CLANG_ENABLE_MODULES = YES;
				CLANG_ENABLE_OBJC_ARC = YES;
				CLANG_WARN_BOOL_CONVERSION = YES;
				CLANG_WARN_CONSTANT_CONVERSION = YES;
				CLANG_WARN_DIRECT_OBJC_ISA_USAGE = YES_ERROR;
				CLANG_WARN_EMPTY_BODY = YES;
				CLANG_WARN_ENUM_CONVERSION = YES;
				CLANG_WARN_INT_CONVERSION = YES;
				CLANG_WARN_OBJC_ROOT_CLASS = YES_ERROR;
				CLANG_WARN_UNREACHABLE_CODE = YES;
				CLANG_WARN__DUPLICATE_METHOD_MATCH = YES;
				"CODE_SIGN_IDENTITY[sdk=iphoneos*]" = "iPhone Developer";
				COPY_PHASE_STRIP = NO;
				ENABLE_STRICT_OBJC_MSGSEND = YES;
				GCC_C_LANGUAGE_STANDARD = gnu99;
				GCC_DYNAMIC_NO_PIC = NO;
				GCC_OPTIMIZATION_LEVEL = 0;
				GCC_PREPROCESSOR_DEFINITIONS = (
					"DEBUG=1",
					"$(inherited)",
				);
				GCC_SYMBOLS_PRIVATE_EXTERN = NO;
				GCC_WARN_64_TO_32_BIT_CONVERSION = YES;
				GCC_WARN_ABOUT_RETURN_TYPE = YES_ERROR;
				GCC_WARN_UNDECLARED_SELECTOR = YES;
				GCC_WARN_UNINITIALIZED_AUTOS = YES_AGGRESSIVE;
				GCC_WARN_UNUSED_FUNCTION = YES;
				GCC_WARN_UNUSED_VARIABLE = YES;
				IPHONEOS_DEPLOYMENT_TARGET = 8.0;
				MTL_ENABLE_DEBUG_INFO = YES;
				ONLY_ACTIVE_ARCH = YES;
				SDKROOT = iphoneos;
				SWIFT_OPTIMIZATION_LEVEL = "-Onone";
			};
			name = Debug;
		};
		B41CBE0419A783FD004FC503 /* Release */ = {
			isa = XCBuildConfiguration;
			buildSettings = {
				ALWAYS_SEARCH_USER_PATHS = NO;
				CLANG_CXX_LANGUAGE_STANDARD = "gnu++0x";
				CLANG_CXX_LIBRARY = "libc++";
				CLANG_ENABLE_MODULES = YES;
				CLANG_ENABLE_OBJC_ARC = YES;
				CLANG_WARN_BOOL_CONVERSION = YES;
				CLANG_WARN_CONSTANT_CONVERSION = YES;
				CLANG_WARN_DIRECT_OBJC_ISA_USAGE = YES_ERROR;
				CLANG_WARN_EMPTY_BODY = YES;
				CLANG_WARN_ENUM_CONVERSION = YES;
				CLANG_WARN_INT_CONVERSION = YES;
				CLANG_WARN_OBJC_ROOT_CLASS = YES_ERROR;
				CLANG_WARN_UNREACHABLE_CODE = YES;
				CLANG_WARN__DUPLICATE_METHOD_MATCH = YES;
				"CODE_SIGN_IDENTITY[sdk=iphoneos*]" = "iPhone Developer";
				COPY_PHASE_STRIP = YES;
				ENABLE_NS_ASSERTIONS = NO;
				ENABLE_STRICT_OBJC_MSGSEND = YES;
				GCC_C_LANGUAGE_STANDARD = gnu99;
				GCC_WARN_64_TO_32_BIT_CONVERSION = YES;
				GCC_WARN_ABOUT_RETURN_TYPE = YES_ERROR;
				GCC_WARN_UNDECLARED_SELECTOR = YES;
				GCC_WARN_UNINITIALIZED_AUTOS = YES_AGGRESSIVE;
				GCC_WARN_UNUSED_FUNCTION = YES;
				GCC_WARN_UNUSED_VARIABLE = YES;
				IPHONEOS_DEPLOYMENT_TARGET = 8.0;
				MTL_ENABLE_DEBUG_INFO = NO;
				SDKROOT = iphoneos;
				VALIDATE_PRODUCT = YES;
			};
			name = Release;
		};
		B41CBE0619A783FD004FC503 /* Debug */ = {
			isa = XCBuildConfiguration;
			buildSettings = {
				ASSETCATALOG_COMPILER_APPICON_NAME = AppIcon;
				ASSETCATALOG_COMPILER_LAUNCHIMAGE_NAME = LaunchImage;
				INFOPLIST_FILE = "The List (Swift)/Info.plist";
				LD_RUNPATH_SEARCH_PATHS = "$(inherited) @executable_path/Frameworks";
				PRODUCT_NAME = "$(TARGET_NAME)";
			};
			name = Debug;
		};
		B41CBE0719A783FD004FC503 /* Release */ = {
			isa = XCBuildConfiguration;
			buildSettings = {
				ASSETCATALOG_COMPILER_APPICON_NAME = AppIcon;
				ASSETCATALOG_COMPILER_LAUNCHIMAGE_NAME = LaunchImage;
				INFOPLIST_FILE = "The List (Swift)/Info.plist";
				LD_RUNPATH_SEARCH_PATHS = "$(inherited) @executable_path/Frameworks";
				PRODUCT_NAME = "$(TARGET_NAME)";
			};
			name = Release;
		};
		B41CBE0919A783FD004FC503 /* Debug */ = {
			isa = XCBuildConfiguration;
			buildSettings = {
				BUNDLE_LOADER = "$(TEST_HOST)";
				FRAMEWORK_SEARCH_PATHS = (
					"$(SDKROOT)/Developer/Library/Frameworks",
					"$(inherited)",
				);
				GCC_PREPROCESSOR_DEFINITIONS = (
					"DEBUG=1",
					"$(inherited)",
				);
				INFOPLIST_FILE = "The List (Swift)Tests/Info.plist";
				LD_RUNPATH_SEARCH_PATHS = "$(inherited) @executable_path/Frameworks @loader_path/Frameworks";
				PRODUCT_NAME = "$(TARGET_NAME)";
				TEST_HOST = "$(BUILT_PRODUCTS_DIR)/The List (Swift).app/The List (Swift)";
			};
			name = Debug;
		};
		B41CBE0A19A783FD004FC503 /* Release */ = {
			isa = XCBuildConfiguration;
			buildSettings = {
				BUNDLE_LOADER = "$(TEST_HOST)";
				FRAMEWORK_SEARCH_PATHS = (
					"$(SDKROOT)/Developer/Library/Frameworks",
					"$(inherited)",
				);
				INFOPLIST_FILE = "The List (Swift)Tests/Info.plist";
				LD_RUNPATH_SEARCH_PATHS = "$(inherited) @executable_path/Frameworks @loader_path/Frameworks";
				PRODUCT_NAME = "$(TARGET_NAME)";
				TEST_HOST = "$(BUILT_PRODUCTS_DIR)/The List (Swift).app/The List (Swift)";
			};
			name = Release;
		};
/* End XCBuildConfiguration section */

/* Begin XCConfigurationList section */
		B41CBDE419A783FD004FC503 /* Build configuration list for PBXProject "The List (Swift)" */ = {
			isa = XCConfigurationList;
			buildConfigurations = (
				B41CBE0319A783FD004FC503 /* Debug */,
				B41CBE0419A783FD004FC503 /* Release */,
			);
			defaultConfigurationIsVisible = 0;
			defaultConfigurationName = Release;
		};
		B41CBE0519A783FD004FC503 /* Build configuration list for PBXNativeTarget "The List (Swift)" */ = {
			isa = XCConfigurationList;
			buildConfigurations = (
				B41CBE0619A783FD004FC503 /* Debug */,
				B41CBE0719A783FD004FC503 /* Release */,
			);
			defaultConfigurationIsVisible = 0;
		};
		B41CBE0819A783FD004FC503 /* Build configuration list for PBXNativeTarget "The List (Swift)Tests" */ = {
			isa = XCConfigurationList;
			buildConfigurations = (
				B41CBE0919A783FD004FC503 /* Debug */,
				B41CBE0A19A783FD004FC503 /* Release */,
			);
			defaultConfigurationIsVisible = 0;
		};
/* End XCConfigurationList section */
	};
	rootObject = B41CBDE119A783FD004FC503 /* Project object */;
}
