// !$*UTF8*$!
{
	archiveVersion = 1;
	classes = {
	};
	objectVersion = 46;
	objects = {

/* Begin PBXBuildFile section */
		B4D114D6197DA87500AE248F /* Foundation.framework in Frameworks */ = {isa = PBXBuildFile; fileRef = B4D114D5197DA87500AE248F /* Foundation.framework */; };
		B4D114D8197DA87500AE248F /* CoreGraphics.framework in Frameworks */ = {isa = PBXBuildFile; fileRef = B4D114D7197DA87500AE248F /* CoreGraphics.framework */; };
		B4D114DA197DA87500AE248F /* UIKit.framework in Frameworks */ = {isa = PBXBuildFile; fileRef = B4D114D9197DA87500AE248F /* UIKit.framework */; };
		B4D114E0197DA87500AE248F /* InfoPlist.strings in Resources */ = {isa = PBXBuildFile; fileRef = B4D114DE197DA87500AE248F /* InfoPlist.strings */; };
		B4D114E2197DA87500AE248F /* main.m in Sources */ = {isa = PBXBuildFile; fileRef = B4D114E1197DA87500AE248F /* main.m */; };
		B4D114E6197DA87500AE248F /* FHAAppDelegate.m in Sources */ = {isa = PBXBuildFile; fileRef = B4D114E5197DA87500AE248F /* FHAAppDelegate.m */; };
		B4D114E9197DA87500AE248F /* Main.storyboard in Resources */ = {isa = PBXBuildFile; fileRef = B4D114E7197DA87500AE248F /* Main.storyboard */; };
		B4D114EC197DA87500AE248F /* FHAViewController.m in Sources */ = {isa = PBXBuildFile; fileRef = B4D114EB197DA87500AE248F /* FHAViewController.m */; };
		B4D114EE197DA87500AE248F /* Images.xcassets in Resources */ = {isa = PBXBuildFile; fileRef = B4D114ED197DA87500AE248F /* Images.xcassets */; };
		B4D114F5197DA87600AE248F /* XCTest.framework in Frameworks */ = {isa = PBXBuildFile; fileRef = B4D114F4197DA87600AE248F /* XCTest.framework */; };
		B4D114F6197DA87600AE248F /* Foundation.framework in Frameworks */ = {isa = PBXBuildFile; fileRef = B4D114D5197DA87500AE248F /* Foundation.framework */; };
		B4D114F7197DA87600AE248F /* UIKit.framework in Frameworks */ = {isa = PBXBuildFile; fileRef = B4D114D9197DA87500AE248F /* UIKit.framework */; };
		B4D114FF197DA87600AE248F /* InfoPlist.strings in Resources */ = {isa = PBXBuildFile; fileRef = B4D114FD197DA87600AE248F /* InfoPlist.strings */; };
		B4D11501197DA87600AE248F /* First_Homework_AppTests.m in Sources */ = {isa = PBXBuildFile; fileRef = B4D11500197DA87600AE248F /* First_Homework_AppTests.m */; };
/* End PBXBuildFile section */

/* Begin PBXContainerItemProxy section */
		B4D114F8197DA87600AE248F /* PBXContainerItemProxy */ = {
			isa = PBXContainerItemProxy;
			containerPortal = B4D114CA197DA87500AE248F /* Project object */;
			proxyType = 1;
			remoteGlobalIDString = B4D114D1197DA87500AE248F;
			remoteInfo = "First Homework App";
		};
/* End PBXContainerItemProxy section */

/* Begin PBXFileReference section */
		B4D114D2197DA87500AE248F /* First Homework App.app */ = {isa = PBXFileReference; explicitFileType = wrapper.application; includeInIndex = 0; path = "First Homework App.app"; sourceTree = BUILT_PRODUCTS_DIR; };
		B4D114D5197DA87500AE248F /* Foundation.framework */ = {isa = PBXFileReference; lastKnownFileType = wrapper.framework; name = Foundation.framework; path = System/Library/Frameworks/Foundation.framework; sourceTree = SDKROOT; };
		B4D114D7197DA87500AE248F /* CoreGraphics.framework */ = {isa = PBXFileReference; lastKnownFileType = wrapper.framework; name = CoreGraphics.framework; path = System/Library/Frameworks/CoreGraphics.framework; sourceTree = SDKROOT; };
		B4D114D9197DA87500AE248F /* UIKit.framework */ = {isa = PBXFileReference; lastKnownFileType = wrapper.framework; name = UIKit.framework; path = System/Library/Frameworks/UIKit.framework; sourceTree = SDKROOT; };
		B4D114DD197DA87500AE248F /* First Homework App-Info.plist */ = {isa = PBXFileReference; lastKnownFileType = text.plist.xml; path = "First Homework App-Info.plist"; sourceTree = "<group>"; };
		B4D114DF197DA87500AE248F /* en */ = {isa = PBXFileReference; lastKnownFileType = text.plist.strings; name = en; path = en.lproj/InfoPlist.strings; sourceTree = "<group>"; };
		B4D114E1197DA87500AE248F /* main.m */ = {isa = PBXFileReference; lastKnownFileType = sourcecode.c.objc; path = main.m; sourceTree = "<group>"; };
		B4D114E3197DA87500AE248F /* First Homework App-Prefix.pch */ = {isa = PBXFileReference; lastKnownFileType = sourcecode.c.h; path = "First Homework App-Prefix.pch"; sourceTree = "<group>"; };
		B4D114E4197DA87500AE248F /* FHAAppDelegate.h */ = {isa = PBXFileReference; lastKnownFileType = sourcecode.c.h; path = FHAAppDelegate.h; sourceTree = "<group>"; };
		B4D114E5197DA87500AE248F /* FHAAppDelegate.m */ = {isa = PBXFileReference; lastKnownFileType = sourcecode.c.objc; path = FHAAppDelegate.m; sourceTree = "<group>"; };
		B4D114E8197DA87500AE248F /* Base */ = {isa = PBXFileReference; lastKnownFileType = file.storyboard; name = Base; path = Base.lproj/Main.storyboard; sourceTree = "<group>"; };
		B4D114EA197DA87500AE248F /* FHAViewController.h */ = {isa = PBXFileReference; lastKnownFileType = sourcecode.c.h; path = FHAViewController.h; sourceTree = "<group>"; };
		B4D114EB197DA87500AE248F /* FHAViewController.m */ = {isa = PBXFileReference; lastKnownFileType = sourcecode.c.objc; path = FHAViewController.m; sourceTree = "<group>"; };
		B4D114ED197DA87500AE248F /* Images.xcassets */ = {isa = PBXFileReference; lastKnownFileType = folder.assetcatalog; path = Images.xcassets; sourceTree = "<group>"; };
		B4D114F3197DA87600AE248F /* First Homework AppTests.xctest */ = {isa = PBXFileReference; explicitFileType = wrapper.cfbundle; includeInIndex = 0; path = "First Homework AppTests.xctest"; sourceTree = BUILT_PRODUCTS_DIR; };
		B4D114F4197DA87600AE248F /* XCTest.framework */ = {isa = PBXFileReference; lastKnownFileType = wrapper.framework; name = XCTest.framework; path = Library/Frameworks/XCTest.framework; sourceTree = DEVELOPER_DIR; };
		B4D114FC197DA87600AE248F /* First Homework AppTests-Info.plist */ = {isa = PBXFileReference; lastKnownFileType = text.plist.xml; path = "First Homework AppTests-Info.plist"; sourceTree = "<group>"; };
		B4D114FE197DA87600AE248F /* en */ = {isa = PBXFileReference; lastKnownFileType = text.plist.strings; name = en; path = en.lproj/InfoPlist.strings; sourceTree = "<group>"; };
		B4D11500197DA87600AE248F /* First_Homework_AppTests.m */ = {isa = PBXFileReference; lastKnownFileType = sourcecode.c.objc; path = First_Homework_AppTests.m; sourceTree = "<group>"; };
/* End PBXFileReference section */

/* Begin PBXFrameworksBuildPhase section */
		B4D114CF197DA87500AE248F /* Frameworks */ = {
			isa = PBXFrameworksBuildPhase;
			buildActionMask = 2147483647;
			files = (
				B4D114D8197DA87500AE248F /* CoreGraphics.framework in Frameworks */,
				B4D114DA197DA87500AE248F /* UIKit.framework in Frameworks */,
				B4D114D6197DA87500AE248F /* Foundation.framework in Frameworks */,
			);
			runOnlyForDeploymentPostprocessing = 0;
		};
		B4D114F0197DA87600AE248F /* Frameworks */ = {
			isa = PBXFrameworksBuildPhase;
			buildActionMask = 2147483647;
			files = (
				B4D114F5197DA87600AE248F /* XCTest.framework in Frameworks */,
				B4D114F7197DA87600AE248F /* UIKit.framework in Frameworks */,
				B4D114F6197DA87600AE248F /* Foundation.framework in Frameworks */,
			);
			runOnlyForDeploymentPostprocessing = 0;
		};
/* End PBXFrameworksBuildPhase section */

/* Begin PBXGroup section */
		B4D114C9197DA87500AE248F = {
			isa = PBXGroup;
			children = (
				B4D114DB197DA87500AE248F /* First Homework App */,
				B4D114FA197DA87600AE248F /* First Homework AppTests */,
				B4D114D4197DA87500AE248F /* Frameworks */,
				B4D114D3197DA87500AE248F /* Products */,
			);
			sourceTree = "<group>";
		};
		B4D114D3197DA87500AE248F /* Products */ = {
			isa = PBXGroup;
			children = (
				B4D114D2197DA87500AE248F /* First Homework App.app */,
				B4D114F3197DA87600AE248F /* First Homework AppTests.xctest */,
			);
			name = Products;
			sourceTree = "<group>";
		};
		B4D114D4197DA87500AE248F /* Frameworks */ = {
			isa = PBXGroup;
			children = (
				B4D114D5197DA87500AE248F /* Foundation.framework */,
				B4D114D7197DA87500AE248F /* CoreGraphics.framework */,
				B4D114D9197DA87500AE248F /* UIKit.framework */,
				B4D114F4197DA87600AE248F /* XCTest.framework */,
			);
			name = Frameworks;
			sourceTree = "<group>";
		};
		B4D114DB197DA87500AE248F /* First Homework App */ = {
			isa = PBXGroup;
			children = (
				B4D114E4197DA87500AE248F /* FHAAppDelegate.h */,
				B4D114E5197DA87500AE248F /* FHAAppDelegate.m */,
				B4D114E7197DA87500AE248F /* Main.storyboard */,
				B4D114EA197DA87500AE248F /* FHAViewController.h */,
				B4D114EB197DA87500AE248F /* FHAViewController.m */,
				B4D114ED197DA87500AE248F /* Images.xcassets */,
				B4D114DC197DA87500AE248F /* Supporting Files */,
			);
			path = "First Homework App";
			sourceTree = "<group>";
		};
		B4D114DC197DA87500AE248F /* Supporting Files */ = {
			isa = PBXGroup;
			children = (
				B4D114DD197DA87500AE248F /* First Homework App-Info.plist */,
				B4D114DE197DA87500AE248F /* InfoPlist.strings */,
				B4D114E1197DA87500AE248F /* main.m */,
				B4D114E3197DA87500AE248F /* First Homework App-Prefix.pch */,
			);
			name = "Supporting Files";
			sourceTree = "<group>";
		};
		B4D114FA197DA87600AE248F /* First Homework AppTests */ = {
			isa = PBXGroup;
			children = (
				B4D11500197DA87600AE248F /* First_Homework_AppTests.m */,
				B4D114FB197DA87600AE248F /* Supporting Files */,
			);
			path = "First Homework AppTests";
			sourceTree = "<group>";
		};
		B4D114FB197DA87600AE248F /* Supporting Files */ = {
			isa = PBXGroup;
			children = (
				B4D114FC197DA87600AE248F /* First Homework AppTests-Info.plist */,
				B4D114FD197DA87600AE248F /* InfoPlist.strings */,
			);
			name = "Supporting Files";
			sourceTree = "<group>";
		};
/* End PBXGroup section */

/* Begin PBXNativeTarget section */
		B4D114D1197DA87500AE248F /* First Homework App */ = {
			isa = PBXNativeTarget;
			buildConfigurationList = B4D11504197DA87600AE248F /* Build configuration list for PBXNativeTarget "First Homework App" */;
			buildPhases = (
				B4D114CE197DA87500AE248F /* Sources */,
				B4D114CF197DA87500AE248F /* Frameworks */,
				B4D114D0197DA87500AE248F /* Resources */,
			);
			buildRules = (
			);
			dependencies = (
			);
			name = "First Homework App";
			productName = "First Homework App";
			productReference = B4D114D2197DA87500AE248F /* First Homework App.app */;
			productType = "com.apple.product-type.application";
		};
		B4D114F2197DA87600AE248F /* First Homework AppTests */ = {
			isa = PBXNativeTarget;
			buildConfigurationList = B4D11507197DA87600AE248F /* Build configuration list for PBXNativeTarget "First Homework AppTests" */;
			buildPhases = (
				B4D114EF197DA87600AE248F /* Sources */,
				B4D114F0197DA87600AE248F /* Frameworks */,
				B4D114F1197DA87600AE248F /* Resources */,
			);
			buildRules = (
			);
			dependencies = (
				B4D114F9197DA87600AE248F /* PBXTargetDependency */,
			);
			name = "First Homework AppTests";
			productName = "First Homework AppTests";
			productReference = B4D114F3197DA87600AE248F /* First Homework AppTests.xctest */;
			productType = "com.apple.product-type.bundle.unit-test";
		};
/* End PBXNativeTarget section */

/* Begin PBXProject section */
		B4D114CA197DA87500AE248F /* Project object */ = {
			isa = PBXProject;
			attributes = {
				CLASSPREFIX = FHA;
				LastUpgradeCheck = 0510;
				ORGANIZATIONNAME = "Joshua Hendershot";
				TargetAttributes = {
					B4D114F2197DA87600AE248F = {
						TestTargetID = B4D114D1197DA87500AE248F;
					};
				};
			};
			buildConfigurationList = B4D114CD197DA87500AE248F /* Build configuration list for PBXProject "First Homework App" */;
			compatibilityVersion = "Xcode 3.2";
			developmentRegion = English;
			hasScannedForEncodings = 0;
			knownRegions = (
				en,
				Base,
			);
			mainGroup = B4D114C9197DA87500AE248F;
			productRefGroup = B4D114D3197DA87500AE248F /* Products */;
			projectDirPath = "";
			projectRoot = "";
			targets = (
				B4D114D1197DA87500AE248F /* First Homework App */,
				B4D114F2197DA87600AE248F /* First Homework AppTests */,
			);
		};
/* End PBXProject section */

/* Begin PBXResourcesBuildPhase section */
		B4D114D0197DA87500AE248F /* Resources */ = {
			isa = PBXResourcesBuildPhase;
			buildActionMask = 2147483647;
			files = (
				B4D114EE197DA87500AE248F /* Images.xcassets in Resources */,
				B4D114E0197DA87500AE248F /* InfoPlist.strings in Resources */,
				B4D114E9197DA87500AE248F /* Main.storyboard in Resources */,
			);
			runOnlyForDeploymentPostprocessing = 0;
		};
		B4D114F1197DA87600AE248F /* Resources */ = {
			isa = PBXResourcesBuildPhase;
			buildActionMask = 2147483647;
			files = (
				B4D114FF197DA87600AE248F /* InfoPlist.strings in Resources */,
			);
			runOnlyForDeploymentPostprocessing = 0;
		};
/* End PBXResourcesBuildPhase section */

/* Begin PBXSourcesBuildPhase section */
		B4D114CE197DA87500AE248F /* Sources */ = {
			isa = PBXSourcesBuildPhase;
			buildActionMask = 2147483647;
			files = (
				B4D114E6197DA87500AE248F /* FHAAppDelegate.m in Sources */,
				B4D114EC197DA87500AE248F /* FHAViewController.m in Sources */,
				B4D114E2197DA87500AE248F /* main.m in Sources */,
			);
			runOnlyForDeploymentPostprocessing = 0;
		};
		B4D114EF197DA87600AE248F /* Sources */ = {
			isa = PBXSourcesBuildPhase;
			buildActionMask = 2147483647;
			files = (
				B4D11501197DA87600AE248F /* First_Homework_AppTests.m in Sources */,
			);
			runOnlyForDeploymentPostprocessing = 0;
		};
/* End PBXSourcesBuildPhase section */

/* Begin PBXTargetDependency section */
		B4D114F9197DA87600AE248F /* PBXTargetDependency */ = {
			isa = PBXTargetDependency;
			target = B4D114D1197DA87500AE248F /* First Homework App */;
			targetProxy = B4D114F8197DA87600AE248F /* PBXContainerItemProxy */;
		};
/* End PBXTargetDependency section */

/* Begin PBXVariantGroup section */
		B4D114DE197DA87500AE248F /* InfoPlist.strings */ = {
			isa = PBXVariantGroup;
			children = (
				B4D114DF197DA87500AE248F /* en */,
			);
			name = InfoPlist.strings;
			sourceTree = "<group>";
		};
		B4D114E7197DA87500AE248F /* Main.storyboard */ = {
			isa = PBXVariantGroup;
			children = (
				B4D114E8197DA87500AE248F /* Base */,
			);
			name = Main.storyboard;
			sourceTree = "<group>";
		};
		B4D114FD197DA87600AE248F /* InfoPlist.strings */ = {
			isa = PBXVariantGroup;
			children = (
				B4D114FE197DA87600AE248F /* en */,
			);
			name = InfoPlist.strings;
			sourceTree = "<group>";
		};
/* End PBXVariantGroup section */

/* Begin XCBuildConfiguration section */
		B4D11502197DA87600AE248F /* Debug */ = {
			isa = XCBuildConfiguration;
			buildSettings = {
				ALWAYS_SEARCH_USER_PATHS = NO;
				CLANG_CXX_LANGUAGE_STANDARD = "gnu++0x";
				CLANG_CXX_LIBRARY = "libc++";
				CLANG_ENABLE_MODULES = YES;
				CLANG_ENABLE_OBJC_ARC = YES;
				CLANG_WARN_BOOL_CONVERSION = YES;
				CLANG_WARN_CONSTANT_CONVERSION = YES;
				CLANG_WARN_DIRECT_OBJC_ISA_USAGE = YES_ERROR;
				CLANG_WARN_EMPTY_BODY = YES;
				CLANG_WARN_ENUM_CONVERSION = YES;
				CLANG_WARN_INT_CONVERSION = YES;
				CLANG_WARN_OBJC_ROOT_CLASS = YES_ERROR;
				CLANG_WARN__DUPLICATE_METHOD_MATCH = YES;
				"CODE_SIGN_IDENTITY[sdk=iphoneos*]" = "iPhone Developer";
				COPY_PHASE_STRIP = NO;
				GCC_C_LANGUAGE_STANDARD = gnu99;
				GCC_DYNAMIC_NO_PIC = NO;
				GCC_OPTIMIZATION_LEVEL = 0;
				GCC_PREPROCESSOR_DEFINITIONS = (
					"DEBUG=1",
					"$(inherited)",
				);
				GCC_SYMBOLS_PRIVATE_EXTERN = NO;
				GCC_WARN_64_TO_32_BIT_CONVERSION = YES;
				GCC_WARN_ABOUT_RETURN_TYPE = YES_ERROR;
				GCC_WARN_UNDECLARED_SELECTOR = YES;
				GCC_WARN_UNINITIALIZED_AUTOS = YES_AGGRESSIVE;
				GCC_WARN_UNUSED_FUNCTION = YES;
				GCC_WARN_UNUSED_VARIABLE = YES;
				IPHONEOS_DEPLOYMENT_TARGET = 7.1;
				ONLY_ACTIVE_ARCH = YES;
				SDKROOT = iphoneos;
			};
			name = Debug;
		};
		B4D11503197DA87600AE248F /* Release */ = {
			isa = XCBuildConfiguration;
			buildSettings = {
				ALWAYS_SEARCH_USER_PATHS = NO;
				CLANG_CXX_LANGUAGE_STANDARD = "gnu++0x";
				CLANG_CXX_LIBRARY = "libc++";
				CLANG_ENABLE_MODULES = YES;
				CLANG_ENABLE_OBJC_ARC = YES;
				CLANG_WARN_BOOL_CONVERSION = YES;
				CLANG_WARN_CONSTANT_CONVERSION = YES;
				CLANG_WARN_DIRECT_OBJC_ISA_USAGE = YES_ERROR;
				CLANG_WARN_EMPTY_BODY = YES;
				CLANG_WARN_ENUM_CONVERSION = YES;
				CLANG_WARN_INT_CONVERSION = YES;
				CLANG_WARN_OBJC_ROOT_CLASS = YES_ERROR;
				CLANG_WARN__DUPLICATE_METHOD_MATCH = YES;
				"CODE_SIGN_IDENTITY[sdk=iphoneos*]" = "iPhone Developer";
				COPY_PHASE_STRIP = YES;
				ENABLE_NS_ASSERTIONS = NO;
				GCC_C_LANGUAGE_STANDARD = gnu99;
				GCC_WARN_64_TO_32_BIT_CONVERSION = YES;
				GCC_WARN_ABOUT_RETURN_TYPE = YES_ERROR;
				GCC_WARN_UNDECLARED_SELECTOR = YES;
				GCC_WARN_UNINITIALIZED_AUTOS = YES_AGGRESSIVE;
				GCC_WARN_UNUSED_FUNCTION = YES;
				GCC_WARN_UNUSED_VARIABLE = YES;
				IPHONEOS_DEPLOYMENT_TARGET = 7.1;
				SDKROOT = iphoneos;
				VALIDATE_PRODUCT = YES;
			};
			name = Release;
		};
		B4D11505197DA87600AE248F /* Debug */ = {
			isa = XCBuildConfiguration;
			buildSettings = {
				ASSETCATALOG_COMPILER_APPICON_NAME = AppIcon;
				ASSETCATALOG_COMPILER_LAUNCHIMAGE_NAME = LaunchImage;
				GCC_PRECOMPILE_PREFIX_HEADER = YES;
				GCC_PREFIX_HEADER = "First Homework App/First Homework App-Prefix.pch";
				INFOPLIST_FILE = "First Homework App/First Homework App-Info.plist";
				PRODUCT_NAME = "$(TARGET_NAME)";
				WRAPPER_EXTENSION = app;
			};
			name = Debug;
		};
		B4D11506197DA87600AE248F /* Release */ = {
			isa = XCBuildConfiguration;
			buildSettings = {
				ASSETCATALOG_COMPILER_APPICON_NAME = AppIcon;
				ASSETCATALOG_COMPILER_LAUNCHIMAGE_NAME = LaunchImage;
				GCC_PRECOMPILE_PREFIX_HEADER = YES;
				GCC_PREFIX_HEADER = "First Homework App/First Homework App-Prefix.pch";
				INFOPLIST_FILE = "First Homework App/First Homework App-Info.plist";
				PRODUCT_NAME = "$(TARGET_NAME)";
				WRAPPER_EXTENSION = app;
			};
			name = Release;
		};
		B4D11508197DA87600AE248F /* Debug */ = {
			isa = XCBuildConfiguration;
			buildSettings = {
				BUNDLE_LOADER = "$(BUILT_PRODUCTS_DIR)/First Homework App.app/First Homework App";
				FRAMEWORK_SEARCH_PATHS = (
					"$(SDKROOT)/Developer/Library/Frameworks",
					"$(inherited)",
					"$(DEVELOPER_FRAMEWORKS_DIR)",
				);
				GCC_PRECOMPILE_PREFIX_HEADER = YES;
				GCC_PREFIX_HEADER = "First Homework App/First Homework App-Prefix.pch";
				GCC_PREPROCESSOR_DEFINITIONS = (
					"DEBUG=1",
					"$(inherited)",
				);
				INFOPLIST_FILE = "First Homework AppTests/First Homework AppTests-Info.plist";
				PRODUCT_NAME = "$(TARGET_NAME)";
				TEST_HOST = "$(BUNDLE_LOADER)";
				WRAPPER_EXTENSION = xctest;
			};
			name = Debug;
		};
		B4D11509197DA87600AE248F /* Release */ = {
			isa = XCBuildConfiguration;
			buildSettings = {
				BUNDLE_LOADER = "$(BUILT_PRODUCTS_DIR)/First Homework App.app/First Homework App";
				FRAMEWORK_SEARCH_PATHS = (
					"$(SDKROOT)/Developer/Library/Frameworks",
					"$(inherited)",
					"$(DEVELOPER_FRAMEWORKS_DIR)",
				);
				GCC_PRECOMPILE_PREFIX_HEADER = YES;
				GCC_PREFIX_HEADER = "First Homework App/First Homework App-Prefix.pch";
				INFOPLIST_FILE = "First Homework AppTests/First Homework AppTests-Info.plist";
				PRODUCT_NAME = "$(TARGET_NAME)";
				TEST_HOST = "$(BUNDLE_LOADER)";
				WRAPPER_EXTENSION = xctest;
			};
			name = Release;
		};
/* End XCBuildConfiguration section */

/* Begin XCConfigurationList section */
		B4D114CD197DA87500AE248F /* Build configuration list for PBXProject "First Homework App" */ = {
			isa = XCConfigurationList;
			buildConfigurations = (
				B4D11502197DA87600AE248F /* Debug */,
				B4D11503197DA87600AE248F /* Release */,
			);
			defaultConfigurationIsVisible = 0;
			defaultConfigurationName = Release;
		};
		B4D11504197DA87600AE248F /* Build configuration list for PBXNativeTarget "First Homework App" */ = {
			isa = XCConfigurationList;
			buildConfigurations = (
				B4D11505197DA87600AE248F /* Debug */,
				B4D11506197DA87600AE248F /* Release */,
			);
			defaultConfigurationIsVisible = 0;
			defaultConfigurationName = Release;
		};
		B4D11507197DA87600AE248F /* Build configuration list for PBXNativeTarget "First Homework AppTests" */ = {
			isa = XCConfigurationList;
			buildConfigurations = (
				B4D11508197DA87600AE248F /* Debug */,
				B4D11509197DA87600AE248F /* Release */,
			);
			defaultConfigurationIsVisible = 0;
			defaultConfigurationName = Release;
		};
/* End XCConfigurationList section */
	};
	rootObject = B4D114CA197DA87500AE248F /* Project object */;
}
