// !$*UTF8*$!
{
	archiveVersion = 1;
	classes = {
	};
	objectVersion = 46;
	objects = {

/* Begin PBXBuildFile section */
		B4D11559197E99D800AE248F /* Foundation.framework in Frameworks */ = {isa = PBXBuildFile; fileRef = B4D11558197E99D800AE248F /* Foundation.framework */; };
		B4D1155B197E99D800AE248F /* CoreGraphics.framework in Frameworks */ = {isa = PBXBuildFile; fileRef = B4D1155A197E99D800AE248F /* CoreGraphics.framework */; };
		B4D1155D197E99D800AE248F /* UIKit.framework in Frameworks */ = {isa = PBXBuildFile; fileRef = B4D1155C197E99D800AE248F /* UIKit.framework */; };
		B4D11563197E99D800AE248F /* InfoPlist.strings in Resources */ = {isa = PBXBuildFile; fileRef = B4D11561197E99D800AE248F /* InfoPlist.strings */; };
		B4D11565197E99D800AE248F /* main.m in Sources */ = {isa = PBXBuildFile; fileRef = B4D11564197E99D800AE248F /* main.m */; };
		B4D11569197E99D800AE248F /* MFCAppDelegate.m in Sources */ = {isa = PBXBuildFile; fileRef = B4D11568197E99D800AE248F /* MFCAppDelegate.m */; };
		B4D1156B197E99D800AE248F /* Images.xcassets in Resources */ = {isa = PBXBuildFile; fileRef = B4D1156A197E99D800AE248F /* Images.xcassets */; };
		B4D11572197E99D800AE248F /* XCTest.framework in Frameworks */ = {isa = PBXBuildFile; fileRef = B4D11571197E99D800AE248F /* XCTest.framework */; };
		B4D11573197E99D800AE248F /* Foundation.framework in Frameworks */ = {isa = PBXBuildFile; fileRef = B4D11558197E99D800AE248F /* Foundation.framework */; };
		B4D11574197E99D800AE248F /* UIKit.framework in Frameworks */ = {isa = PBXBuildFile; fileRef = B4D1155C197E99D800AE248F /* UIKit.framework */; };
		B4D1157C197E99D800AE248F /* InfoPlist.strings in Resources */ = {isa = PBXBuildFile; fileRef = B4D1157A197E99D800AE248F /* InfoPlist.strings */; };
		B4D1157E197E99D800AE248F /* My_First_Code_AppTests.m in Sources */ = {isa = PBXBuildFile; fileRef = B4D1157D197E99D800AE248F /* My_First_Code_AppTests.m */; };
		B4D1158A197E9E2C00AE248F /* MFCRootViewController.m in Sources */ = {isa = PBXBuildFile; fileRef = B4D11589197E9E2C00AE248F /* MFCRootViewController.m */; };
/* End PBXBuildFile section */

/* Begin PBXContainerItemProxy section */
		B4D11575197E99D800AE248F /* PBXContainerItemProxy */ = {
			isa = PBXContainerItemProxy;
			containerPortal = B4D1154D197E99D800AE248F /* Project object */;
			proxyType = 1;
			remoteGlobalIDString = B4D11554197E99D800AE248F;
			remoteInfo = "My First Code App";
		};
/* End PBXContainerItemProxy section */

/* Begin PBXFileReference section */
		B4D11555197E99D800AE248F /* My First Code App.app */ = {isa = PBXFileReference; explicitFileType = wrapper.application; includeInIndex = 0; path = "My First Code App.app"; sourceTree = BUILT_PRODUCTS_DIR; };
		B4D11558197E99D800AE248F /* Foundation.framework */ = {isa = PBXFileReference; lastKnownFileType = wrapper.framework; name = Foundation.framework; path = System/Library/Frameworks/Foundation.framework; sourceTree = SDKROOT; };
		B4D1155A197E99D800AE248F /* CoreGraphics.framework */ = {isa = PBXFileReference; lastKnownFileType = wrapper.framework; name = CoreGraphics.framework; path = System/Library/Frameworks/CoreGraphics.framework; sourceTree = SDKROOT; };
		B4D1155C197E99D800AE248F /* UIKit.framework */ = {isa = PBXFileReference; lastKnownFileType = wrapper.framework; name = UIKit.framework; path = System/Library/Frameworks/UIKit.framework; sourceTree = SDKROOT; };
		B4D11560197E99D800AE248F /* My First Code App-Info.plist */ = {isa = PBXFileReference; lastKnownFileType = text.plist.xml; path = "My First Code App-Info.plist"; sourceTree = "<group>"; };
		B4D11562197E99D800AE248F /* en */ = {isa = PBXFileReference; lastKnownFileType = text.plist.strings; name = en; path = en.lproj/InfoPlist.strings; sourceTree = "<group>"; };
		B4D11564197E99D800AE248F /* main.m */ = {isa = PBXFileReference; lastKnownFileType = sourcecode.c.objc; path = main.m; sourceTree = "<group>"; };
		B4D11566197E99D800AE248F /* My First Code App-Prefix.pch */ = {isa = PBXFileReference; lastKnownFileType = sourcecode.c.h; path = "My First Code App-Prefix.pch"; sourceTree = "<group>"; };
		B4D11567197E99D800AE248F /* MFCAppDelegate.h */ = {isa = PBXFileReference; lastKnownFileType = sourcecode.c.h; path = MFCAppDelegate.h; sourceTree = "<group>"; };
		B4D11568197E99D800AE248F /* MFCAppDelegate.m */ = {isa = PBXFileReference; lastKnownFileType = sourcecode.c.objc; path = MFCAppDelegate.m; sourceTree = "<group>"; };
		B4D1156A197E99D800AE248F /* Images.xcassets */ = {isa = PBXFileReference; lastKnownFileType = folder.assetcatalog; path = Images.xcassets; sourceTree = "<group>"; };
		B4D11570197E99D800AE248F /* My First Code AppTests.xctest */ = {isa = PBXFileReference; explicitFileType = wrapper.cfbundle; includeInIndex = 0; path = "My First Code AppTests.xctest"; sourceTree = BUILT_PRODUCTS_DIR; };
		B4D11571197E99D800AE248F /* XCTest.framework */ = {isa = PBXFileReference; lastKnownFileType = wrapper.framework; name = XCTest.framework; path = Library/Frameworks/XCTest.framework; sourceTree = DEVELOPER_DIR; };
		B4D11579197E99D800AE248F /* My First Code AppTests-Info.plist */ = {isa = PBXFileReference; lastKnownFileType = text.plist.xml; path = "My First Code AppTests-Info.plist"; sourceTree = "<group>"; };
		B4D1157B197E99D800AE248F /* en */ = {isa = PBXFileReference; lastKnownFileType = text.plist.strings; name = en; path = en.lproj/InfoPlist.strings; sourceTree = "<group>"; };
		B4D1157D197E99D800AE248F /* My_First_Code_AppTests.m */ = {isa = PBXFileReference; lastKnownFileType = sourcecode.c.objc; path = My_First_Code_AppTests.m; sourceTree = "<group>"; };
		B4D11588197E9E2C00AE248F /* MFCRootViewController.h */ = {isa = PBXFileReference; fileEncoding = 4; lastKnownFileType = sourcecode.c.h; name = MFCRootViewController.h; path = "My First Code App/MFCRootViewController.h"; sourceTree = "<group>"; };
		B4D11589197E9E2C00AE248F /* MFCRootViewController.m */ = {isa = PBXFileReference; fileEncoding = 4; lastKnownFileType = sourcecode.c.objc; name = MFCRootViewController.m; path = "My First Code App/MFCRootViewController.m"; sourceTree = "<group>"; };
/* End PBXFileReference section */

/* Begin PBXFrameworksBuildPhase section */
		B4D11552197E99D800AE248F /* Frameworks */ = {
			isa = PBXFrameworksBuildPhase;
			buildActionMask = 2147483647;
			files = (
				B4D1155B197E99D800AE248F /* CoreGraphics.framework in Frameworks */,
				B4D1155D197E99D800AE248F /* UIKit.framework in Frameworks */,
				B4D11559197E99D800AE248F /* Foundation.framework in Frameworks */,
			);
			runOnlyForDeploymentPostprocessing = 0;
		};
		B4D1156D197E99D800AE248F /* Frameworks */ = {
			isa = PBXFrameworksBuildPhase;
			buildActionMask = 2147483647;
			files = (
				B4D11572197E99D800AE248F /* XCTest.framework in Frameworks */,
				B4D11574197E99D800AE248F /* UIKit.framework in Frameworks */,
				B4D11573197E99D800AE248F /* Foundation.framework in Frameworks */,
			);
			runOnlyForDeploymentPostprocessing = 0;
		};
/* End PBXFrameworksBuildPhase section */

/* Begin PBXGroup section */
		B4D1154C197E99D800AE248F = {
			isa = PBXGroup;
			children = (
				B4D11587197E9C9C00AE248F /* Controllers */,
				B4D1155E197E99D800AE248F /* My First Code App */,
				B4D11577197E99D800AE248F /* My First Code AppTests */,
				B4D11557197E99D800AE248F /* Frameworks */,
				B4D11556197E99D800AE248F /* Products */,
			);
			sourceTree = "<group>";
		};
		B4D11556197E99D800AE248F /* Products */ = {
			isa = PBXGroup;
			children = (
				B4D11555197E99D800AE248F /* My First Code App.app */,
				B4D11570197E99D800AE248F /* My First Code AppTests.xctest */,
			);
			name = Products;
			sourceTree = "<group>";
		};
		B4D11557197E99D800AE248F /* Frameworks */ = {
			isa = PBXGroup;
			children = (
				B4D11558197E99D800AE248F /* Foundation.framework */,
				B4D1155A197E99D800AE248F /* CoreGraphics.framework */,
				B4D1155C197E99D800AE248F /* UIKit.framework */,
				B4D11571197E99D800AE248F /* XCTest.framework */,
			);
			name = Frameworks;
			sourceTree = "<group>";
		};
		B4D1155E197E99D800AE248F /* My First Code App */ = {
			isa = PBXGroup;
			children = (
				B4D11567197E99D800AE248F /* MFCAppDelegate.h */,
				B4D11568197E99D800AE248F /* MFCAppDelegate.m */,
				B4D1156A197E99D800AE248F /* Images.xcassets */,
				B4D1155F197E99D800AE248F /* Supporting Files */,
			);
			path = "My First Code App";
			sourceTree = "<group>";
		};
		B4D1155F197E99D800AE248F /* Supporting Files */ = {
			isa = PBXGroup;
			children = (
				B4D11560197E99D800AE248F /* My First Code App-Info.plist */,
				B4D11561197E99D800AE248F /* InfoPlist.strings */,
				B4D11564197E99D800AE248F /* main.m */,
				B4D11566197E99D800AE248F /* My First Code App-Prefix.pch */,
			);
			name = "Supporting Files";
			sourceTree = "<group>";
		};
		B4D11577197E99D800AE248F /* My First Code AppTests */ = {
			isa = PBXGroup;
			children = (
				B4D1157D197E99D800AE248F /* My_First_Code_AppTests.m */,
				B4D11578197E99D800AE248F /* Supporting Files */,
			);
			path = "My First Code AppTests";
			sourceTree = "<group>";
		};
		B4D11578197E99D800AE248F /* Supporting Files */ = {
			isa = PBXGroup;
			children = (
				B4D11579197E99D800AE248F /* My First Code AppTests-Info.plist */,
				B4D1157A197E99D800AE248F /* InfoPlist.strings */,
			);
			name = "Supporting Files";
			sourceTree = "<group>";
		};
		B4D11587197E9C9C00AE248F /* Controllers */ = {
			isa = PBXGroup;
			children = (
				B4D11588197E9E2C00AE248F /* MFCRootViewController.h */,
				B4D11589197E9E2C00AE248F /* MFCRootViewController.m */,
			);
			name = Controllers;
			sourceTree = "<group>";
		};
/* End PBXGroup section */

/* Begin PBXNativeTarget section */
		B4D11554197E99D800AE248F /* My First Code App */ = {
			isa = PBXNativeTarget;
			buildConfigurationList = B4D11581197E99D800AE248F /* Build configuration list for PBXNativeTarget "My First Code App" */;
			buildPhases = (
				B4D11551197E99D800AE248F /* Sources */,
				B4D11552197E99D800AE248F /* Frameworks */,
				B4D11553197E99D800AE248F /* Resources */,
			);
			buildRules = (
			);
			dependencies = (
			);
			name = "My First Code App";
			productName = "My First Code App";
			productReference = B4D11555197E99D800AE248F /* My First Code App.app */;
			productType = "com.apple.product-type.application";
		};
		B4D1156F197E99D800AE248F /* My First Code AppTests */ = {
			isa = PBXNativeTarget;
			buildConfigurationList = B4D11584197E99D800AE248F /* Build configuration list for PBXNativeTarget "My First Code AppTests" */;
			buildPhases = (
				B4D1156C197E99D800AE248F /* Sources */,
				B4D1156D197E99D800AE248F /* Frameworks */,
				B4D1156E197E99D800AE248F /* Resources */,
			);
			buildRules = (
			);
			dependencies = (
				B4D11576197E99D800AE248F /* PBXTargetDependency */,
			);
			name = "My First Code AppTests";
			productName = "My First Code AppTests";
			productReference = B4D11570197E99D800AE248F /* My First Code AppTests.xctest */;
			productType = "com.apple.product-type.bundle.unit-test";
		};
/* End PBXNativeTarget section */

/* Begin PBXProject section */
		B4D1154D197E99D800AE248F /* Project object */ = {
			isa = PBXProject;
			attributes = {
				CLASSPREFIX = MFC;
				LastUpgradeCheck = 0510;
				ORGANIZATIONNAME = "Joshua Hendershot";
				TargetAttributes = {
					B4D1156F197E99D800AE248F = {
						TestTargetID = B4D11554197E99D800AE248F;
					};
				};
			};
			buildConfigurationList = B4D11550197E99D800AE248F /* Build configuration list for PBXProject "My First Code App" */;
			compatibilityVersion = "Xcode 3.2";
			developmentRegion = English;
			hasScannedForEncodings = 0;
			knownRegions = (
				en,
			);
			mainGroup = B4D1154C197E99D800AE248F;
			productRefGroup = B4D11556197E99D800AE248F /* Products */;
			projectDirPath = "";
			projectRoot = "";
			targets = (
				B4D11554197E99D800AE248F /* My First Code App */,
				B4D1156F197E99D800AE248F /* My First Code AppTests */,
			);
		};
/* End PBXProject section */

/* Begin PBXResourcesBuildPhase section */
		B4D11553197E99D800AE248F /* Resources */ = {
			isa = PBXResourcesBuildPhase;
			buildActionMask = 2147483647;
			files = (
				B4D11563197E99D800AE248F /* InfoPlist.strings in Resources */,
				B4D1156B197E99D800AE248F /* Images.xcassets in Resources */,
			);
			runOnlyForDeploymentPostprocessing = 0;
		};
		B4D1156E197E99D800AE248F /* Resources */ = {
			isa = PBXResourcesBuildPhase;
			buildActionMask = 2147483647;
			files = (
				B4D1157C197E99D800AE248F /* InfoPlist.strings in Resources */,
			);
			runOnlyForDeploymentPostprocessing = 0;
		};
/* End PBXResourcesBuildPhase section */

/* Begin PBXSourcesBuildPhase section */
		B4D11551197E99D800AE248F /* Sources */ = {
			isa = PBXSourcesBuildPhase;
			buildActionMask = 2147483647;
			files = (
				B4D1158A197E9E2C00AE248F /* MFCRootViewController.m in Sources */,
				B4D11565197E99D800AE248F /* main.m in Sources */,
				B4D11569197E99D800AE248F /* MFCAppDelegate.m in Sources */,
			);
			runOnlyForDeploymentPostprocessing = 0;
		};
		B4D1156C197E99D800AE248F /* Sources */ = {
			isa = PBXSourcesBuildPhase;
			buildActionMask = 2147483647;
			files = (
				B4D1157E197E99D800AE248F /* My_First_Code_AppTests.m in Sources */,
			);
			runOnlyForDeploymentPostprocessing = 0;
		};
/* End PBXSourcesBuildPhase section */

/* Begin PBXTargetDependency section */
		B4D11576197E99D800AE248F /* PBXTargetDependency */ = {
			isa = PBXTargetDependency;
			target = B4D11554197E99D800AE248F /* My First Code App */;
			targetProxy = B4D11575197E99D800AE248F /* PBXContainerItemProxy */;
		};
/* End PBXTargetDependency section */

/* Begin PBXVariantGroup section */
		B4D11561197E99D800AE248F /* InfoPlist.strings */ = {
			isa = PBXVariantGroup;
			children = (
				B4D11562197E99D800AE248F /* en */,
			);
			name = InfoPlist.strings;
			sourceTree = "<group>";
		};
		B4D1157A197E99D800AE248F /* InfoPlist.strings */ = {
			isa = PBXVariantGroup;
			children = (
				B4D1157B197E99D800AE248F /* en */,
			);
			name = InfoPlist.strings;
			sourceTree = "<group>";
		};
/* End PBXVariantGroup section */

/* Begin XCBuildConfiguration section */
		B4D1157F197E99D800AE248F /* Debug */ = {
			isa = XCBuildConfiguration;
			buildSettings = {
				ALWAYS_SEARCH_USER_PATHS = NO;
				CLANG_CXX_LANGUAGE_STANDARD = "gnu++0x";
				CLANG_CXX_LIBRARY = "libc++";
				CLANG_ENABLE_MODULES = YES;
				CLANG_ENABLE_OBJC_ARC = YES;
				CLANG_WARN_BOOL_CONVERSION = YES;
				CLANG_WARN_CONSTANT_CONVERSION = YES;
				CLANG_WARN_DIRECT_OBJC_ISA_USAGE = YES_ERROR;
				CLANG_WARN_EMPTY_BODY = YES;
				CLANG_WARN_ENUM_CONVERSION = YES;
				CLANG_WARN_INT_CONVERSION = YES;
				CLANG_WARN_OBJC_ROOT_CLASS = YES_ERROR;
				CLANG_WARN__DUPLICATE_METHOD_MATCH = YES;
				"CODE_SIGN_IDENTITY[sdk=iphoneos*]" = "iPhone Developer";
				COPY_PHASE_STRIP = NO;
				GCC_C_LANGUAGE_STANDARD = gnu99;
				GCC_DYNAMIC_NO_PIC = NO;
				GCC_OPTIMIZATION_LEVEL = 0;
				GCC_PREPROCESSOR_DEFINITIONS = (
					"DEBUG=1",
					"$(inherited)",
				);
				GCC_SYMBOLS_PRIVATE_EXTERN = NO;
				GCC_WARN_64_TO_32_BIT_CONVERSION = YES;
				GCC_WARN_ABOUT_RETURN_TYPE = YES_ERROR;
				GCC_WARN_UNDECLARED_SELECTOR = YES;
				GCC_WARN_UNINITIALIZED_AUTOS = YES_AGGRESSIVE;
				GCC_WARN_UNUSED_FUNCTION = YES;
				GCC_WARN_UNUSED_VARIABLE = YES;
				IPHONEOS_DEPLOYMENT_TARGET = 7.1;
				ONLY_ACTIVE_ARCH = YES;
				SDKROOT = iphoneos;
			};
			name = Debug;
		};
		B4D11580197E99D800AE248F /* Release */ = {
			isa = XCBuildConfiguration;
			buildSettings = {
				ALWAYS_SEARCH_USER_PATHS = NO;
				CLANG_CXX_LANGUAGE_STANDARD = "gnu++0x";
				CLANG_CXX_LIBRARY = "libc++";
				CLANG_ENABLE_MODULES = YES;
				CLANG_ENABLE_OBJC_ARC = YES;
				CLANG_WARN_BOOL_CONVERSION = YES;
				CLANG_WARN_CONSTANT_CONVERSION = YES;
				CLANG_WARN_DIRECT_OBJC_ISA_USAGE = YES_ERROR;
				CLANG_WARN_EMPTY_BODY = YES;
				CLANG_WARN_ENUM_CONVERSION = YES;
				CLANG_WARN_INT_CONVERSION = YES;
				CLANG_WARN_OBJC_ROOT_CLASS = YES_ERROR;
				CLANG_WARN__DUPLICATE_METHOD_MATCH = YES;
				"CODE_SIGN_IDENTITY[sdk=iphoneos*]" = "iPhone Developer";
				COPY_PHASE_STRIP = YES;
				ENABLE_NS_ASSERTIONS = NO;
				GCC_C_LANGUAGE_STANDARD = gnu99;
				GCC_WARN_64_TO_32_BIT_CONVERSION = YES;
				GCC_WARN_ABOUT_RETURN_TYPE = YES_ERROR;
				GCC_WARN_UNDECLARED_SELECTOR = YES;
				GCC_WARN_UNINITIALIZED_AUTOS = YES_AGGRESSIVE;
				GCC_WARN_UNUSED_FUNCTION = YES;
				GCC_WARN_UNUSED_VARIABLE = YES;
				IPHONEOS_DEPLOYMENT_TARGET = 7.1;
				SDKROOT = iphoneos;
				VALIDATE_PRODUCT = YES;
			};
			name = Release;
		};
		B4D11582197E99D800AE248F /* Debug */ = {
			isa = XCBuildConfiguration;
			buildSettings = {
				ASSETCATALOG_COMPILER_APPICON_NAME = AppIcon;
				ASSETCATALOG_COMPILER_LAUNCHIMAGE_NAME = LaunchImage;
				GCC_PRECOMPILE_PREFIX_HEADER = YES;
				GCC_PREFIX_HEADER = "My First Code App/My First Code App-Prefix.pch";
				INFOPLIST_FILE = "My First Code App/My First Code App-Info.plist";
				PRODUCT_NAME = "$(TARGET_NAME)";
				WRAPPER_EXTENSION = app;
			};
			name = Debug;
		};
		B4D11583197E99D800AE248F /* Release */ = {
			isa = XCBuildConfiguration;
			buildSettings = {
				ASSETCATALOG_COMPILER_APPICON_NAME = AppIcon;
				ASSETCATALOG_COMPILER_LAUNCHIMAGE_NAME = LaunchImage;
				GCC_PRECOMPILE_PREFIX_HEADER = YES;
				GCC_PREFIX_HEADER = "My First Code App/My First Code App-Prefix.pch";
				INFOPLIST_FILE = "My First Code App/My First Code App-Info.plist";
				PRODUCT_NAME = "$(TARGET_NAME)";
				WRAPPER_EXTENSION = app;
			};
			name = Release;
		};
		B4D11585197E99D800AE248F /* Debug */ = {
			isa = XCBuildConfiguration;
			buildSettings = {
				BUNDLE_LOADER = "$(BUILT_PRODUCTS_DIR)/My First Code App.app/My First Code App";
				FRAMEWORK_SEARCH_PATHS = (
					"$(SDKROOT)/Developer/Library/Frameworks",
					"$(inherited)",
					"$(DEVELOPER_FRAMEWORKS_DIR)",
				);
				GCC_PRECOMPILE_PREFIX_HEADER = YES;
				GCC_PREFIX_HEADER = "My First Code App/My First Code App-Prefix.pch";
				GCC_PREPROCESSOR_DEFINITIONS = (
					"DEBUG=1",
					"$(inherited)",
				);
				INFOPLIST_FILE = "My First Code AppTests/My First Code AppTests-Info.plist";
				PRODUCT_NAME = "$(TARGET_NAME)";
				TEST_HOST = "$(BUNDLE_LOADER)";
				WRAPPER_EXTENSION = xctest;
			};
			name = Debug;
		};
		B4D11586197E99D800AE248F /* Release */ = {
			isa = XCBuildConfiguration;
			buildSettings = {
				BUNDLE_LOADER = "$(BUILT_PRODUCTS_DIR)/My First Code App.app/My First Code App";
				FRAMEWORK_SEARCH_PATHS = (
					"$(SDKROOT)/Developer/Library/Frameworks",
					"$(inherited)",
					"$(DEVELOPER_FRAMEWORKS_DIR)",
				);
				GCC_PRECOMPILE_PREFIX_HEADER = YES;
				GCC_PREFIX_HEADER = "My First Code App/My First Code App-Prefix.pch";
				INFOPLIST_FILE = "My First Code AppTests/My First Code AppTests-Info.plist";
				PRODUCT_NAME = "$(TARGET_NAME)";
				TEST_HOST = "$(BUNDLE_LOADER)";
				WRAPPER_EXTENSION = xctest;
			};
			name = Release;
		};
/* End XCBuildConfiguration section */

/* Begin XCConfigurationList section */
		B4D11550197E99D800AE248F /* Build configuration list for PBXProject "My First Code App" */ = {
			isa = XCConfigurationList;
			buildConfigurations = (
				B4D1157F197E99D800AE248F /* Debug */,
				B4D11580197E99D800AE248F /* Release */,
			);
			defaultConfigurationIsVisible = 0;
			defaultConfigurationName = Release;
		};
		B4D11581197E99D800AE248F /* Build configuration list for PBXNativeTarget "My First Code App" */ = {
			isa = XCConfigurationList;
			buildConfigurations = (
				B4D11582197E99D800AE248F /* Debug */,
				B4D11583197E99D800AE248F /* Release */,
			);
			defaultConfigurationIsVisible = 0;
		};
		B4D11584197E99D800AE248F /* Build configuration list for PBXNativeTarget "My First Code AppTests" */ = {
			isa = XCConfigurationList;
			buildConfigurations = (
				B4D11585197E99D800AE248F /* Debug */,
				B4D11586197E99D800AE248F /* Release */,
			);
			defaultConfigurationIsVisible = 0;
		};
/* End XCConfigurationList section */
	};
	rootObject = B4D1154D197E99D800AE248F /* Project object */;
}
