// !$*UTF8*$!
{
	archiveVersion = 1;
	classes = {
	};
	objectVersion = 46;
	objects = {

/* Begin PBXBuildFile section */
		B4DD2EA919A64865006B2358 /* Foundation.framework in Frameworks */ = {isa = PBXBuildFile; fileRef = B4DD2EA819A64865006B2358 /* Foundation.framework */; };
		B4DD2EAB19A64865006B2358 /* CoreGraphics.framework in Frameworks */ = {isa = PBXBuildFile; fileRef = B4DD2EAA19A64865006B2358 /* CoreGraphics.framework */; };
		B4DD2EAD19A64865006B2358 /* UIKit.framework in Frameworks */ = {isa = PBXBuildFile; fileRef = B4DD2EAC19A64865006B2358 /* UIKit.framework */; };
		B4DD2EAF19A64865006B2358 /* SpriteKit.framework in Frameworks */ = {isa = PBXBuildFile; fileRef = B4DD2EAE19A64865006B2358 /* SpriteKit.framework */; };
		B4DD2EB519A64865006B2358 /* InfoPlist.strings in Resources */ = {isa = PBXBuildFile; fileRef = B4DD2EB319A64865006B2358 /* InfoPlist.strings */; };
		B4DD2EB719A64865006B2358 /* main.m in Sources */ = {isa = PBXBuildFile; fileRef = B4DD2EB619A64865006B2358 /* main.m */; };
		B4DD2EBB19A64865006B2358 /* BALAppDelegate.m in Sources */ = {isa = PBXBuildFile; fileRef = B4DD2EBA19A64865006B2358 /* BALAppDelegate.m */; };
		B4DD2EBE19A64865006B2358 /* Main.storyboard in Resources */ = {isa = PBXBuildFile; fileRef = B4DD2EBC19A64865006B2358 /* Main.storyboard */; };
		B4DD2EC119A64865006B2358 /* BALViewController.m in Sources */ = {isa = PBXBuildFile; fileRef = B4DD2EC019A64865006B2358 /* BALViewController.m */; };
		B4DD2EC419A64865006B2358 /* BALMyScene.m in Sources */ = {isa = PBXBuildFile; fileRef = B4DD2EC319A64865006B2358 /* BALMyScene.m */; };
		B4DD2EC619A64865006B2358 /* Spaceship.png in Resources */ = {isa = PBXBuildFile; fileRef = B4DD2EC519A64865006B2358 /* Spaceship.png */; };
		B4DD2EC819A64865006B2358 /* Images.xcassets in Resources */ = {isa = PBXBuildFile; fileRef = B4DD2EC719A64865006B2358 /* Images.xcassets */; };
		B4DD2ECF19A64865006B2358 /* XCTest.framework in Frameworks */ = {isa = PBXBuildFile; fileRef = B4DD2ECE19A64865006B2358 /* XCTest.framework */; };
		B4DD2ED019A64865006B2358 /* Foundation.framework in Frameworks */ = {isa = PBXBuildFile; fileRef = B4DD2EA819A64865006B2358 /* Foundation.framework */; };
		B4DD2ED119A64865006B2358 /* UIKit.framework in Frameworks */ = {isa = PBXBuildFile; fileRef = B4DD2EAC19A64865006B2358 /* UIKit.framework */; };
		B4DD2ED919A64865006B2358 /* InfoPlist.strings in Resources */ = {isa = PBXBuildFile; fileRef = B4DD2ED719A64865006B2358 /* InfoPlist.strings */; };
		B4DD2EDB19A64865006B2358 /* BalloonsTests.m in Sources */ = {isa = PBXBuildFile; fileRef = B4DD2EDA19A64865006B2358 /* BalloonsTests.m */; };
		B4DD2EE619A6495A006B2358 /* Fire.sks in Resources */ = {isa = PBXBuildFile; fileRef = B4DD2EE419A6495A006B2358 /* Fire.sks */; };
		B4DD2EE719A6495A006B2358 /* spark.png in Resources */ = {isa = PBXBuildFile; fileRef = B4DD2EE519A6495A006B2358 /* spark.png */; };
/* End PBXBuildFile section */

/* Begin PBXContainerItemProxy section */
		B4DD2ED219A64865006B2358 /* PBXContainerItemProxy */ = {
			isa = PBXContainerItemProxy;
			containerPortal = B4DD2E9D19A64864006B2358 /* Project object */;
			proxyType = 1;
			remoteGlobalIDString = B4DD2EA419A64864006B2358;
			remoteInfo = Balloons;
		};
/* End PBXContainerItemProxy section */

/* Begin PBXFileReference section */
		B4DD2EA519A64865006B2358 /* Balloons.app */ = {isa = PBXFileReference; explicitFileType = wrapper.application; includeInIndex = 0; path = Balloons.app; sourceTree = BUILT_PRODUCTS_DIR; };
		B4DD2EA819A64865006B2358 /* Foundation.framework */ = {isa = PBXFileReference; lastKnownFileType = wrapper.framework; name = Foundation.framework; path = System/Library/Frameworks/Foundation.framework; sourceTree = SDKROOT; };
		B4DD2EAA19A64865006B2358 /* CoreGraphics.framework */ = {isa = PBXFileReference; lastKnownFileType = wrapper.framework; name = CoreGraphics.framework; path = System/Library/Frameworks/CoreGraphics.framework; sourceTree = SDKROOT; };
		B4DD2EAC19A64865006B2358 /* UIKit.framework */ = {isa = PBXFileReference; lastKnownFileType = wrapper.framework; name = UIKit.framework; path = System/Library/Frameworks/UIKit.framework; sourceTree = SDKROOT; };
		B4DD2EAE19A64865006B2358 /* SpriteKit.framework */ = {isa = PBXFileReference; lastKnownFileType = wrapper.framework; name = SpriteKit.framework; path = System/Library/Frameworks/SpriteKit.framework; sourceTree = SDKROOT; };
		B4DD2EB219A64865006B2358 /* Balloons-Info.plist */ = {isa = PBXFileReference; lastKnownFileType = text.plist.xml; path = "Balloons-Info.plist"; sourceTree = "<group>"; };
		B4DD2EB419A64865006B2358 /* en */ = {isa = PBXFileReference; lastKnownFileType = text.plist.strings; name = en; path = en.lproj/InfoPlist.strings; sourceTree = "<group>"; };
		B4DD2EB619A64865006B2358 /* main.m */ = {isa = PBXFileReference; lastKnownFileType = sourcecode.c.objc; path = main.m; sourceTree = "<group>"; };
		B4DD2EB819A64865006B2358 /* Balloons-Prefix.pch */ = {isa = PBXFileReference; lastKnownFileType = sourcecode.c.h; path = "Balloons-Prefix.pch"; sourceTree = "<group>"; };
		B4DD2EB919A64865006B2358 /* BALAppDelegate.h */ = {isa = PBXFileReference; lastKnownFileType = sourcecode.c.h; path = BALAppDelegate.h; sourceTree = "<group>"; };
		B4DD2EBA19A64865006B2358 /* BALAppDelegate.m */ = {isa = PBXFileReference; lastKnownFileType = sourcecode.c.objc; path = BALAppDelegate.m; sourceTree = "<group>"; };
		B4DD2EBD19A64865006B2358 /* Base */ = {isa = PBXFileReference; lastKnownFileType = file.storyboard; name = Base; path = Base.lproj/Main.storyboard; sourceTree = "<group>"; };
		B4DD2EBF19A64865006B2358 /* BALViewController.h */ = {isa = PBXFileReference; lastKnownFileType = sourcecode.c.h; path = BALViewController.h; sourceTree = "<group>"; };
		B4DD2EC019A64865006B2358 /* BALViewController.m */ = {isa = PBXFileReference; lastKnownFileType = sourcecode.c.objc; path = BALViewController.m; sourceTree = "<group>"; };
		B4DD2EC219A64865006B2358 /* BALMyScene.h */ = {isa = PBXFileReference; lastKnownFileType = sourcecode.c.h; path = BALMyScene.h; sourceTree = "<group>"; };
		B4DD2EC319A64865006B2358 /* BALMyScene.m */ = {isa = PBXFileReference; lastKnownFileType = sourcecode.c.objc; path = BALMyScene.m; sourceTree = "<group>"; };
		B4DD2EC519A64865006B2358 /* Spaceship.png */ = {isa = PBXFileReference; lastKnownFileType = image.png; path = Spaceship.png; sourceTree = "<group>"; };
		B4DD2EC719A64865006B2358 /* Images.xcassets */ = {isa = PBXFileReference; lastKnownFileType = folder.assetcatalog; path = Images.xcassets; sourceTree = "<group>"; };
		B4DD2ECD19A64865006B2358 /* BalloonsTests.xctest */ = {isa = PBXFileReference; explicitFileType = wrapper.cfbundle; includeInIndex = 0; path = BalloonsTests.xctest; sourceTree = BUILT_PRODUCTS_DIR; };
		B4DD2ECE19A64865006B2358 /* XCTest.framework */ = {isa = PBXFileReference; lastKnownFileType = wrapper.framework; name = XCTest.framework; path = Library/Frameworks/XCTest.framework; sourceTree = DEVELOPER_DIR; };
		B4DD2ED619A64865006B2358 /* BalloonsTests-Info.plist */ = {isa = PBXFileReference; lastKnownFileType = text.plist.xml; path = "BalloonsTests-Info.plist"; sourceTree = "<group>"; };
		B4DD2ED819A64865006B2358 /* en */ = {isa = PBXFileReference; lastKnownFileType = text.plist.strings; name = en; path = en.lproj/InfoPlist.strings; sourceTree = "<group>"; };
		B4DD2EDA19A64865006B2358 /* BalloonsTests.m */ = {isa = PBXFileReference; lastKnownFileType = sourcecode.c.objc; path = BalloonsTests.m; sourceTree = "<group>"; };
		B4DD2EE419A6495A006B2358 /* Fire.sks */ = {isa = PBXFileReference; lastKnownFileType = file.sks; path = Fire.sks; sourceTree = "<group>"; };
		B4DD2EE519A6495A006B2358 /* spark.png */ = {isa = PBXFileReference; lastKnownFileType = image.png; path = spark.png; sourceTree = "<group>"; };
/* End PBXFileReference section */

/* Begin PBXFrameworksBuildPhase section */
		B4DD2EA219A64864006B2358 /* Frameworks */ = {
			isa = PBXFrameworksBuildPhase;
			buildActionMask = 2147483647;
			files = (
				B4DD2EAB19A64865006B2358 /* CoreGraphics.framework in Frameworks */,
				B4DD2EAD19A64865006B2358 /* UIKit.framework in Frameworks */,
				B4DD2EAF19A64865006B2358 /* SpriteKit.framework in Frameworks */,
				B4DD2EA919A64865006B2358 /* Foundation.framework in Frameworks */,
			);
			runOnlyForDeploymentPostprocessing = 0;
		};
		B4DD2ECA19A64865006B2358 /* Frameworks */ = {
			isa = PBXFrameworksBuildPhase;
			buildActionMask = 2147483647;
			files = (
				B4DD2ECF19A64865006B2358 /* XCTest.framework in Frameworks */,
				B4DD2ED119A64865006B2358 /* UIKit.framework in Frameworks */,
				B4DD2ED019A64865006B2358 /* Foundation.framework in Frameworks */,
			);
			runOnlyForDeploymentPostprocessing = 0;
		};
/* End PBXFrameworksBuildPhase section */

/* Begin PBXGroup section */
		B4DD2E9C19A64864006B2358 = {
			isa = PBXGroup;
			children = (
				B4DD2EB019A64865006B2358 /* Balloons */,
				B4DD2ED419A64865006B2358 /* BalloonsTests */,
				B4DD2EA719A64865006B2358 /* Frameworks */,
				B4DD2EA619A64865006B2358 /* Products */,
			);
			sourceTree = "<group>";
		};
		B4DD2EA619A64865006B2358 /* Products */ = {
			isa = PBXGroup;
			children = (
				B4DD2EA519A64865006B2358 /* Balloons.app */,
				B4DD2ECD19A64865006B2358 /* BalloonsTests.xctest */,
			);
			name = Products;
			sourceTree = "<group>";
		};
		B4DD2EA719A64865006B2358 /* Frameworks */ = {
			isa = PBXGroup;
			children = (
				B4DD2EA819A64865006B2358 /* Foundation.framework */,
				B4DD2EAA19A64865006B2358 /* CoreGraphics.framework */,
				B4DD2EAC19A64865006B2358 /* UIKit.framework */,
				B4DD2EAE19A64865006B2358 /* SpriteKit.framework */,
				B4DD2ECE19A64865006B2358 /* XCTest.framework */,
			);
			name = Frameworks;
			sourceTree = "<group>";
		};
		B4DD2EB019A64865006B2358 /* Balloons */ = {
			isa = PBXGroup;
			children = (
				B4DD2EB919A64865006B2358 /* BALAppDelegate.h */,
				B4DD2EBA19A64865006B2358 /* BALAppDelegate.m */,
				B4DD2EBC19A64865006B2358 /* Main.storyboard */,
				B4DD2EBF19A64865006B2358 /* BALViewController.h */,
				B4DD2EC019A64865006B2358 /* BALViewController.m */,
				B4DD2EC219A64865006B2358 /* BALMyScene.h */,
				B4DD2EC319A64865006B2358 /* BALMyScene.m */,
				B4DD2EC519A64865006B2358 /* Spaceship.png */,
				B4DD2EC719A64865006B2358 /* Images.xcassets */,
				B4DD2EB119A64865006B2358 /* Supporting Files */,
				B4DD2EE419A6495A006B2358 /* Fire.sks */,
				B4DD2EE519A6495A006B2358 /* spark.png */,
			);
			path = Balloons;
			sourceTree = "<group>";
		};
		B4DD2EB119A64865006B2358 /* Supporting Files */ = {
			isa = PBXGroup;
			children = (
				B4DD2EB219A64865006B2358 /* Balloons-Info.plist */,
				B4DD2EB319A64865006B2358 /* InfoPlist.strings */,
				B4DD2EB619A64865006B2358 /* main.m */,
				B4DD2EB819A64865006B2358 /* Balloons-Prefix.pch */,
			);
			name = "Supporting Files";
			sourceTree = "<group>";
		};
		B4DD2ED419A64865006B2358 /* BalloonsTests */ = {
			isa = PBXGroup;
			children = (
				B4DD2EDA19A64865006B2358 /* BalloonsTests.m */,
				B4DD2ED519A64865006B2358 /* Supporting Files */,
			);
			path = BalloonsTests;
			sourceTree = "<group>";
		};
		B4DD2ED519A64865006B2358 /* Supporting Files */ = {
			isa = PBXGroup;
			children = (
				B4DD2ED619A64865006B2358 /* BalloonsTests-Info.plist */,
				B4DD2ED719A64865006B2358 /* InfoPlist.strings */,
			);
			name = "Supporting Files";
			sourceTree = "<group>";
		};
/* End PBXGroup section */

/* Begin PBXNativeTarget section */
		B4DD2EA419A64864006B2358 /* Balloons */ = {
			isa = PBXNativeTarget;
			buildConfigurationList = B4DD2EDE19A64865006B2358 /* Build configuration list for PBXNativeTarget "Balloons" */;
			buildPhases = (
				B4DD2EA119A64864006B2358 /* Sources */,
				B4DD2EA219A64864006B2358 /* Frameworks */,
				B4DD2EA319A64864006B2358 /* Resources */,
			);
			buildRules = (
			);
			dependencies = (
			);
			name = Balloons;
			productName = Balloons;
			productReference = B4DD2EA519A64865006B2358 /* Balloons.app */;
			productType = "com.apple.product-type.application";
		};
		B4DD2ECC19A64865006B2358 /* BalloonsTests */ = {
			isa = PBXNativeTarget;
			buildConfigurationList = B4DD2EE119A64865006B2358 /* Build configuration list for PBXNativeTarget "BalloonsTests" */;
			buildPhases = (
				B4DD2EC919A64865006B2358 /* Sources */,
				B4DD2ECA19A64865006B2358 /* Frameworks */,
				B4DD2ECB19A64865006B2358 /* Resources */,
			);
			buildRules = (
			);
			dependencies = (
				B4DD2ED319A64865006B2358 /* PBXTargetDependency */,
			);
			name = BalloonsTests;
			productName = BalloonsTests;
			productReference = B4DD2ECD19A64865006B2358 /* BalloonsTests.xctest */;
			productType = "com.apple.product-type.bundle.unit-test";
		};
/* End PBXNativeTarget section */

/* Begin PBXProject section */
		B4DD2E9D19A64864006B2358 /* Project object */ = {
			isa = PBXProject;
			attributes = {
				CLASSPREFIX = BAL;
				LastUpgradeCheck = 0510;
				ORGANIZATIONNAME = "Joshua Hendershot";
				TargetAttributes = {
					B4DD2ECC19A64865006B2358 = {
						TestTargetID = B4DD2EA419A64864006B2358;
					};
				};
			};
			buildConfigurationList = B4DD2EA019A64864006B2358 /* Build configuration list for PBXProject "Balloons" */;
			compatibilityVersion = "Xcode 3.2";
			developmentRegion = English;
			hasScannedForEncodings = 0;
			knownRegions = (
				en,
				Base,
			);
			mainGroup = B4DD2E9C19A64864006B2358;
			productRefGroup = B4DD2EA619A64865006B2358 /* Products */;
			projectDirPath = "";
			projectRoot = "";
			targets = (
				B4DD2EA419A64864006B2358 /* Balloons */,
				B4DD2ECC19A64865006B2358 /* BalloonsTests */,
			);
		};
/* End PBXProject section */

/* Begin PBXResourcesBuildPhase section */
		B4DD2EA319A64864006B2358 /* Resources */ = {
			isa = PBXResourcesBuildPhase;
			buildActionMask = 2147483647;
			files = (
				B4DD2EB519A64865006B2358 /* InfoPlist.strings in Resources */,
				B4DD2EE719A6495A006B2358 /* spark.png in Resources */,
				B4DD2EC819A64865006B2358 /* Images.xcassets in Resources */,
				B4DD2EC619A64865006B2358 /* Spaceship.png in Resources */,
				B4DD2EE619A6495A006B2358 /* Fire.sks in Resources */,
				B4DD2EBE19A64865006B2358 /* Main.storyboard in Resources */,
			);
			runOnlyForDeploymentPostprocessing = 0;
		};
		B4DD2ECB19A64865006B2358 /* Resources */ = {
			isa = PBXResourcesBuildPhase;
			buildActionMask = 2147483647;
			files = (
				B4DD2ED919A64865006B2358 /* InfoPlist.strings in Resources */,
			);
			runOnlyForDeploymentPostprocessing = 0;
		};
/* End PBXResourcesBuildPhase section */

/* Begin PBXSourcesBuildPhase section */
		B4DD2EA119A64864006B2358 /* Sources */ = {
			isa = PBXSourcesBuildPhase;
			buildActionMask = 2147483647;
			files = (
				B4DD2EBB19A64865006B2358 /* BALAppDelegate.m in Sources */,
				B4DD2EB719A64865006B2358 /* main.m in Sources */,
				B4DD2EC419A64865006B2358 /* BALMyScene.m in Sources */,
				B4DD2EC119A64865006B2358 /* BALViewController.m in Sources */,
			);
			runOnlyForDeploymentPostprocessing = 0;
		};
		B4DD2EC919A64865006B2358 /* Sources */ = {
			isa = PBXSourcesBuildPhase;
			buildActionMask = 2147483647;
			files = (
				B4DD2EDB19A64865006B2358 /* BalloonsTests.m in Sources */,
			);
			runOnlyForDeploymentPostprocessing = 0;
		};
/* End PBXSourcesBuildPhase section */

/* Begin PBXTargetDependency section */
		B4DD2ED319A64865006B2358 /* PBXTargetDependency */ = {
			isa = PBXTargetDependency;
			target = B4DD2EA419A64864006B2358 /* Balloons */;
			targetProxy = B4DD2ED219A64865006B2358 /* PBXContainerItemProxy */;
		};
/* End PBXTargetDependency section */

/* Begin PBXVariantGroup section */
		B4DD2EB319A64865006B2358 /* InfoPlist.strings */ = {
			isa = PBXVariantGroup;
			children = (
				B4DD2EB419A64865006B2358 /* en */,
			);
			name = InfoPlist.strings;
			sourceTree = "<group>";
		};
		B4DD2EBC19A64865006B2358 /* Main.storyboard */ = {
			isa = PBXVariantGroup;
			children = (
				B4DD2EBD19A64865006B2358 /* Base */,
			);
			name = Main.storyboard;
			sourceTree = "<group>";
		};
		B4DD2ED719A64865006B2358 /* InfoPlist.strings */ = {
			isa = PBXVariantGroup;
			children = (
				B4DD2ED819A64865006B2358 /* en */,
			);
			name = InfoPlist.strings;
			sourceTree = "<group>";
		};
/* End PBXVariantGroup section */

/* Begin XCBuildConfiguration section */
		B4DD2EDC19A64865006B2358 /* Debug */ = {
			isa = XCBuildConfiguration;
			buildSettings = {
				ALWAYS_SEARCH_USER_PATHS = NO;
				CLANG_CXX_LANGUAGE_STANDARD = "gnu++0x";
				CLANG_CXX_LIBRARY = "libc++";
				CLANG_ENABLE_MODULES = YES;
				CLANG_ENABLE_OBJC_ARC = YES;
				CLANG_WARN_BOOL_CONVERSION = YES;
				CLANG_WARN_CONSTANT_CONVERSION = YES;
				CLANG_WARN_DIRECT_OBJC_ISA_USAGE = YES_ERROR;
				CLANG_WARN_EMPTY_BODY = YES;
				CLANG_WARN_ENUM_CONVERSION = YES;
				CLANG_WARN_INT_CONVERSION = YES;
				CLANG_WARN_OBJC_ROOT_CLASS = YES_ERROR;
				CLANG_WARN__DUPLICATE_METHOD_MATCH = YES;
				"CODE_SIGN_IDENTITY[sdk=iphoneos*]" = "iPhone Developer";
				COPY_PHASE_STRIP = NO;
				GCC_C_LANGUAGE_STANDARD = gnu99;
				GCC_DYNAMIC_NO_PIC = NO;
				GCC_OPTIMIZATION_LEVEL = 0;
				GCC_PREPROCESSOR_DEFINITIONS = (
					"DEBUG=1",
					"$(inherited)",
				);
				GCC_SYMBOLS_PRIVATE_EXTERN = NO;
				GCC_WARN_64_TO_32_BIT_CONVERSION = YES;
				GCC_WARN_ABOUT_RETURN_TYPE = YES_ERROR;
				GCC_WARN_UNDECLARED_SELECTOR = YES;
				GCC_WARN_UNINITIALIZED_AUTOS = YES_AGGRESSIVE;
				GCC_WARN_UNUSED_FUNCTION = YES;
				GCC_WARN_UNUSED_VARIABLE = YES;
				IPHONEOS_DEPLOYMENT_TARGET = 7.1;
				ONLY_ACTIVE_ARCH = YES;
				SDKROOT = iphoneos;
			};
			name = Debug;
		};
		B4DD2EDD19A64865006B2358 /* Release */ = {
			isa = XCBuildConfiguration;
			buildSettings = {
				ALWAYS_SEARCH_USER_PATHS = NO;
				CLANG_CXX_LANGUAGE_STANDARD = "gnu++0x";
				CLANG_CXX_LIBRARY = "libc++";
				CLANG_ENABLE_MODULES = YES;
				CLANG_ENABLE_OBJC_ARC = YES;
				CLANG_WARN_BOOL_CONVERSION = YES;
				CLANG_WARN_CONSTANT_CONVERSION = YES;
				CLANG_WARN_DIRECT_OBJC_ISA_USAGE = YES_ERROR;
				CLANG_WARN_EMPTY_BODY = YES;
				CLANG_WARN_ENUM_CONVERSION = YES;
				CLANG_WARN_INT_CONVERSION = YES;
				CLANG_WARN_OBJC_ROOT_CLASS = YES_ERROR;
				CLANG_WARN__DUPLICATE_METHOD_MATCH = YES;
				"CODE_SIGN_IDENTITY[sdk=iphoneos*]" = "iPhone Developer";
				COPY_PHASE_STRIP = YES;
				ENABLE_NS_ASSERTIONS = NO;
				GCC_C_LANGUAGE_STANDARD = gnu99;
				GCC_WARN_64_TO_32_BIT_CONVERSION = YES;
				GCC_WARN_ABOUT_RETURN_TYPE = YES_ERROR;
				GCC_WARN_UNDECLARED_SELECTOR = YES;
				GCC_WARN_UNINITIALIZED_AUTOS = YES_AGGRESSIVE;
				GCC_WARN_UNUSED_FUNCTION = YES;
				GCC_WARN_UNUSED_VARIABLE = YES;
				IPHONEOS_DEPLOYMENT_TARGET = 7.1;
				SDKROOT = iphoneos;
				VALIDATE_PRODUCT = YES;
			};
			name = Release;
		};
		B4DD2EDF19A64865006B2358 /* Debug */ = {
			isa = XCBuildConfiguration;
			buildSettings = {
				ASSETCATALOG_COMPILER_APPICON_NAME = AppIcon;
				ASSETCATALOG_COMPILER_LAUNCHIMAGE_NAME = LaunchImage;
				GCC_PRECOMPILE_PREFIX_HEADER = YES;
				GCC_PREFIX_HEADER = "Balloons/Balloons-Prefix.pch";
				INFOPLIST_FILE = "Balloons/Balloons-Info.plist";
				PRODUCT_NAME = "$(TARGET_NAME)";
				SPRITEKIT_TEXTURE_ATLAS_OUTPUT = YES;
				WRAPPER_EXTENSION = app;
			};
			name = Debug;
		};
		B4DD2EE019A64865006B2358 /* Release */ = {
			isa = XCBuildConfiguration;
			buildSettings = {
				ASSETCATALOG_COMPILER_APPICON_NAME = AppIcon;
				ASSETCATALOG_COMPILER_LAUNCHIMAGE_NAME = LaunchImage;
				GCC_PRECOMPILE_PREFIX_HEADER = YES;
				GCC_PREFIX_HEADER = "Balloons/Balloons-Prefix.pch";
				INFOPLIST_FILE = "Balloons/Balloons-Info.plist";
				PRODUCT_NAME = "$(TARGET_NAME)";
				SPRITEKIT_TEXTURE_ATLAS_OUTPUT = YES;
				WRAPPER_EXTENSION = app;
			};
			name = Release;
		};
		B4DD2EE219A64865006B2358 /* Debug */ = {
			isa = XCBuildConfiguration;
			buildSettings = {
				BUNDLE_LOADER = "$(BUILT_PRODUCTS_DIR)/Balloons.app/Balloons";
				FRAMEWORK_SEARCH_PATHS = (
					"$(SDKROOT)/Developer/Library/Frameworks",
					"$(inherited)",
					"$(DEVELOPER_FRAMEWORKS_DIR)",
				);
				GCC_PRECOMPILE_PREFIX_HEADER = YES;
				GCC_PREFIX_HEADER = "Balloons/Balloons-Prefix.pch";
				GCC_PREPROCESSOR_DEFINITIONS = (
					"DEBUG=1",
					"$(inherited)",
				);
				INFOPLIST_FILE = "BalloonsTests/BalloonsTests-Info.plist";
				PRODUCT_NAME = "$(TARGET_NAME)";
				TEST_HOST = "$(BUNDLE_LOADER)";
				WRAPPER_EXTENSION = xctest;
			};
			name = Debug;
		};
		B4DD2EE319A64865006B2358 /* Release */ = {
			isa = XCBuildConfiguration;
			buildSettings = {
				BUNDLE_LOADER = "$(BUILT_PRODUCTS_DIR)/Balloons.app/Balloons";
				FRAMEWORK_SEARCH_PATHS = (
					"$(SDKROOT)/Developer/Library/Frameworks",
					"$(inherited)",
					"$(DEVELOPER_FRAMEWORKS_DIR)",
				);
				GCC_PRECOMPILE_PREFIX_HEADER = YES;
				GCC_PREFIX_HEADER = "Balloons/Balloons-Prefix.pch";
				INFOPLIST_FILE = "BalloonsTests/BalloonsTests-Info.plist";
				PRODUCT_NAME = "$(TARGET_NAME)";
				TEST_HOST = "$(BUNDLE_LOADER)";
				WRAPPER_EXTENSION = xctest;
			};
			name = Release;
		};
/* End XCBuildConfiguration section */

/* Begin XCConfigurationList section */
		B4DD2EA019A64864006B2358 /* Build configuration list for PBXProject "Balloons" */ = {
			isa = XCConfigurationList;
			buildConfigurations = (
				B4DD2EDC19A64865006B2358 /* Debug */,
				B4DD2EDD19A64865006B2358 /* Release */,
			);
			defaultConfigurationIsVisible = 0;
			defaultConfigurationName = Release;
		};
		B4DD2EDE19A64865006B2358 /* Build configuration list for PBXNativeTarget "Balloons" */ = {
			isa = XCConfigurationList;
			buildConfigurations = (
				B4DD2EDF19A64865006B2358 /* Debug */,
				B4DD2EE019A64865006B2358 /* Release */,
			);
			defaultConfigurationIsVisible = 0;
		};
		B4DD2EE119A64865006B2358 /* Build configuration list for PBXNativeTarget "BalloonsTests" */ = {
			isa = XCConfigurationList;
			buildConfigurations = (
				B4DD2EE219A64865006B2358 /* Debug */,
				B4DD2EE319A64865006B2358 /* Release */,
			);
			defaultConfigurationIsVisible = 0;
		};
/* End XCConfigurationList section */
	};
	rootObject = B4DD2E9D19A64864006B2358 /* Project object */;
}
